// !$*UTF8*$!
{
	archiveVersion = 1;
	classes = {
	};
	objectVersion = 46;
	objects = {

/* Begin PBXBuildFile section */
		A57280E3CB105EB12B20BBC2 /* Pods_Dr_Text.framework in Frameworks */ = {isa = PBXBuildFile; fileRef = 2701728D1CBA4EAB20845D86 /* Pods_Dr_Text.framework */; };
		EB0429551DF0A2F9009F2B14 /* Doctor.swift in Sources */ = {isa = PBXBuildFile; fileRef = EB0429541DF0A2F9009F2B14 /* Doctor.swift */; };
		EB0AA6201DF05CBB008381F5 /* DoctorTableViewCell.swift in Sources */ = {isa = PBXBuildFile; fileRef = EB0AA61F1DF05CBB008381F5 /* DoctorTableViewCell.swift */; };
		EB1874231DD9BEBA004EC57B /* MessageDA.swift in Sources */ = {isa = PBXBuildFile; fileRef = EB1874221DD9BEBA004EC57B /* MessageDA.swift */; };
		EB1874251DD9BF90004EC57B /* MessageEntity.swift in Sources */ = {isa = PBXBuildFile; fileRef = EB1874241DD9BF90004EC57B /* MessageEntity.swift */; };
		EB18742B1DDA2640004EC57B /* PatientInvitationViewController.swift in Sources */ = {isa = PBXBuildFile; fileRef = EB18742A1DDA2640004EC57B /* PatientInvitationViewController.swift */; };
		EB18742D1DDA26C7004EC57B /* VerifyDoctorViewController.swift in Sources */ = {isa = PBXBuildFile; fileRef = EB18742C1DDA26C7004EC57B /* VerifyDoctorViewController.swift */; };
		EB1998F81E005D830051BD6E /* SendChatMsgViewController.swift in Sources */ = {isa = PBXBuildFile; fileRef = EB1998F71E005D830051BD6E /* SendChatMsgViewController.swift */; };
		EB2076551DB0FA300095F248 /* enums.swift in Sources */ = {isa = PBXBuildFile; fileRef = EB2076541DB0FA300095F248 /* enums.swift */; };
		EB2076591DB151F00095F248 /* BaseViewController.swift in Sources */ = {isa = PBXBuildFile; fileRef = EB2076581DB151F00095F248 /* BaseViewController.swift */; };
		EB20765B1DB15B790095F248 /* Phone.json in Resources */ = {isa = PBXBuildFile; fileRef = EB20765A1DB15B790095F248 /* Phone.json */; };
		EB2F0BBF1E0315540096D485 /* DocTextApi.swift in Sources */ = {isa = PBXBuildFile; fileRef = EB2F0BBE1E0315540096D485 /* DocTextApi.swift */; };
		EB3214FA1E09A35700E1AEEC /* SplashViewController.swift in Sources */ = {isa = PBXBuildFile; fileRef = EB3214F91E09A35600E1AEEC /* SplashViewController.swift */; };
		EB3BF9CA1DE60FA5007EC4E4 /* DrTextJSQVideoMediaItem.swift in Sources */ = {isa = PBXBuildFile; fileRef = EB3BF9C91DE60FA5007EC4E4 /* DrTextJSQVideoMediaItem.swift */; };
		EB48981F1E016592001CB014 /* paymentViewController.swift in Sources */ = {isa = PBXBuildFile; fileRef = EB48981E1E016592001CB014 /* paymentViewController.swift */; };
		EB4A03F71E2659B500498F65 /* States.json in Resources */ = {isa = PBXBuildFile; fileRef = EB4A03F61E2659B500498F65 /* States.json */; };
		EB51916F1DFC555F00D78BF6 /* RecoveryCodeViewController.swift in Sources */ = {isa = PBXBuildFile; fileRef = EB51916E1DFC555F00D78BF6 /* RecoveryCodeViewController.swift */; };
		EB530B111DA812290069ED76 /* AppDelegate.swift in Sources */ = {isa = PBXBuildFile; fileRef = EB530B101DA812290069ED76 /* AppDelegate.swift */; };
		EB530B161DA812290069ED76 /* Main.storyboard in Resources */ = {isa = PBXBuildFile; fileRef = EB530B141DA812290069ED76 /* Main.storyboard */; };
		EB530B191DA812290069ED76 /* Dr_Text.xcdatamodeld in Sources */ = {isa = PBXBuildFile; fileRef = EB530B171DA812290069ED76 /* Dr_Text.xcdatamodeld */; };
		EB530B1B1DA812290069ED76 /* Assets.xcassets in Resources */ = {isa = PBXBuildFile; fileRef = EB530B1A1DA812290069ED76 /* Assets.xcassets */; };
		EB530B1E1DA812290069ED76 /* LaunchScreen.storyboard in Resources */ = {isa = PBXBuildFile; fileRef = EB530B1C1DA812290069ED76 /* LaunchScreen.storyboard */; };
		EB530B291DA812290069ED76 /* Dr_TextTests.swift in Sources */ = {isa = PBXBuildFile; fileRef = EB530B281DA812290069ED76 /* Dr_TextTests.swift */; };
		EB5534111DAE67C800C02F05 /* User.swift in Sources */ = {isa = PBXBuildFile; fileRef = EB5534101DAE67C800C02F05 /* User.swift */; };
		EB55341C1DAE680300C02F05 /* IntroductionViewController.swift in Sources */ = {isa = PBXBuildFile; fileRef = EB5534161DAE680300C02F05 /* IntroductionViewController.swift */; };
		EB55341D1DAE680300C02F05 /* DashboardViewController.swift in Sources */ = {isa = PBXBuildFile; fileRef = EB5534171DAE680300C02F05 /* DashboardViewController.swift */; };
		EB55341E1DAE680300C02F05 /* LoginViewController.swift in Sources */ = {isa = PBXBuildFile; fileRef = EB5534181DAE680300C02F05 /* LoginViewController.swift */; };
		EB5534211DAE685A00C02F05 /* Utils.swift in Sources */ = {isa = PBXBuildFile; fileRef = EB5534201DAE685A00C02F05 /* Utils.swift */; };
		EB5534351DAE864700C02F05 /* SignUpPhNoViewController.swift in Sources */ = {isa = PBXBuildFile; fileRef = EB5534311DAE864700C02F05 /* SignUpPhNoViewController.swift */; };
		EB5534371DAE864700C02F05 /* SignUpViewController.swift in Sources */ = {isa = PBXBuildFile; fileRef = EB5534331DAE864700C02F05 /* SignUpViewController.swift */; };
		EB5534391DAE86EA00C02F05 /* ConfirmationViewController.swift in Sources */ = {isa = PBXBuildFile; fileRef = EB5534381DAE86EA00C02F05 /* ConfirmationViewController.swift */; };
		EB55343B1DAEBBD700C02F05 /* Constants.swift in Sources */ = {isa = PBXBuildFile; fileRef = EB55343A1DAEBBD700C02F05 /* Constants.swift */; };
		EB577D3D1DE72FDF005E82A7 /* IQ_FDWaveformView.m in Sources */ = {isa = PBXBuildFile; fileRef = EB577D1A1DE72FDF005E82A7 /* IQ_FDWaveformView.m */; };
		EB577D3E1DE72FDF005E82A7 /* IQAudioCropperViewController.m in Sources */ = {isa = PBXBuildFile; fileRef = EB577D1C1DE72FDF005E82A7 /* IQAudioCropperViewController.m */; };
		EB577D3F1DE72FDF005E82A7 /* IQAudioRecorderConstraints.m in Sources */ = {isa = PBXBuildFile; fileRef = EB577D1E1DE72FDF005E82A7 /* IQAudioRecorderConstraints.m */; };
		EB577D401DE72FDF005E82A7 /* IQAudioRecorderViewController.m in Sources */ = {isa = PBXBuildFile; fileRef = EB577D201DE72FDF005E82A7 /* IQAudioRecorderViewController.m */; };
		EB577D411DE72FDF005E82A7 /* IQCropSelectionBeginView.m in Sources */ = {isa = PBXBuildFile; fileRef = EB577D221DE72FDF005E82A7 /* IQCropSelectionBeginView.m */; };
		EB577D421DE72FDF005E82A7 /* IQCropSelectionEndView.m in Sources */ = {isa = PBXBuildFile; fileRef = EB577D241DE72FDF005E82A7 /* IQCropSelectionEndView.m */; };
		EB577D431DE72FDF005E82A7 /* IQCropSelectionView.m in Sources */ = {isa = PBXBuildFile; fileRef = EB577D261DE72FDF005E82A7 /* IQCropSelectionView.m */; };
		EB577D441DE72FDF005E82A7 /* IQMessageDisplayView.m in Sources */ = {isa = PBXBuildFile; fileRef = EB577D281DE72FDF005E82A7 /* IQMessageDisplayView.m */; };
		EB577D451DE72FDF005E82A7 /* IQPlaybackDurationView.m in Sources */ = {isa = PBXBuildFile; fileRef = EB577D2A1DE72FDF005E82A7 /* IQPlaybackDurationView.m */; };
		EB577D461DE72FDF005E82A7 /* NSString+IQTimeIntervalFormatter.m in Sources */ = {isa = PBXBuildFile; fileRef = EB577D2C1DE72FDF005E82A7 /* NSString+IQTimeIntervalFormatter.m */; };
		EB577D471DE72FDF005E82A7 /* audio_record.png in Resources */ = {isa = PBXBuildFile; fileRef = EB577D2E1DE72FDF005E82A7 /* audio_record.png */; };
		EB577D481DE72FDF005E82A7 /* audio_record@2x.png in Resources */ = {isa = PBXBuildFile; fileRef = EB577D2F1DE72FDF005E82A7 /* audio_record@2x.png */; };
		EB577D491DE72FDF005E82A7 /* audio_record@3x.png in Resources */ = {isa = PBXBuildFile; fileRef = EB577D301DE72FDF005E82A7 /* audio_record@3x.png */; };
		EB577D4A1DE72FDF005E82A7 /* microphone_access.png in Resources */ = {isa = PBXBuildFile; fileRef = EB577D311DE72FDF005E82A7 /* microphone_access.png */; };
		EB577D4B1DE72FDF005E82A7 /* microphone_access@2x.png in Resources */ = {isa = PBXBuildFile; fileRef = EB577D321DE72FDF005E82A7 /* microphone_access@2x.png */; };
		EB577D4C1DE72FDF005E82A7 /* microphone_access@3x.png in Resources */ = {isa = PBXBuildFile; fileRef = EB577D331DE72FDF005E82A7 /* microphone_access@3x.png */; };
		EB577D4D1DE72FDF005E82A7 /* scissor.png in Resources */ = {isa = PBXBuildFile; fileRef = EB577D341DE72FDF005E82A7 /* scissor.png */; };
		EB577D4E1DE72FDF005E82A7 /* scissor@2x.png in Resources */ = {isa = PBXBuildFile; fileRef = EB577D351DE72FDF005E82A7 /* scissor@2x.png */; };
		EB577D4F1DE72FDF005E82A7 /* scissor@3x.png in Resources */ = {isa = PBXBuildFile; fileRef = EB577D361DE72FDF005E82A7 /* scissor@3x.png */; };
		EB577D501DE72FDF005E82A7 /* stop_playing.png in Resources */ = {isa = PBXBuildFile; fileRef = EB577D371DE72FDF005E82A7 /* stop_playing.png */; };
		EB577D511DE72FDF005E82A7 /* stop_playing@2x.png in Resources */ = {isa = PBXBuildFile; fileRef = EB577D381DE72FDF005E82A7 /* stop_playing@2x.png */; };
		EB577D521DE72FDF005E82A7 /* stop_playing@3x.png in Resources */ = {isa = PBXBuildFile; fileRef = EB577D391DE72FDF005E82A7 /* stop_playing@3x.png */; };
		EB577D531DE72FDF005E82A7 /* stop_recording.png in Resources */ = {isa = PBXBuildFile; fileRef = EB577D3A1DE72FDF005E82A7 /* stop_recording.png */; };
		EB577D541DE72FDF005E82A7 /* stop_recording@2x.png in Resources */ = {isa = PBXBuildFile; fileRef = EB577D3B1DE72FDF005E82A7 /* stop_recording@2x.png */; };
		EB577D551DE72FDF005E82A7 /* stop_recording@3x.png in Resources */ = {isa = PBXBuildFile; fileRef = EB577D3C1DE72FDF005E82A7 /* stop_recording@3x.png */; };
		EB5B912B1DEEEACB0034330C /* DoctorsListViewController.swift in Sources */ = {isa = PBXBuildFile; fileRef = EB5B912A1DEEEACB0034330C /* DoctorsListViewController.swift */; };
		EB65A27D1E2FE3230059D6CE /* DoctorChargeViewController.swift in Sources */ = {isa = PBXBuildFile; fileRef = EB65A27C1E2FE3230059D6CE /* DoctorChargeViewController.swift */; };
		EB6E25CF1E1FB45000A870E8 /* GetLocation.swift in Sources */ = {isa = PBXBuildFile; fileRef = EB6E25CE1E1FB45000A870E8 /* GetLocation.swift */; };
		EB7011611DF82BE5001B97B8 /* DoctorPromptViewController.swift in Sources */ = {isa = PBXBuildFile; fileRef = EB7011601DF82BE5001B97B8 /* DoctorPromptViewController.swift */; };
		EB7011631DF82BFB001B97B8 /* DoctorOfficeViewController.swift in Sources */ = {isa = PBXBuildFile; fileRef = EB7011621DF82BFB001B97B8 /* DoctorOfficeViewController.swift */; };
		EB7011651DF82C17001B97B8 /* DoctorEmailPWDViewController.swift in Sources */ = {isa = PBXBuildFile; fileRef = EB7011641DF82C17001B97B8 /* DoctorEmailPWDViewController.swift */; };
		EB8E25131DB2783500F634B1 /* TabBarViewController.swift in Sources */ = {isa = PBXBuildFile; fileRef = EB8E25121DB2783500F634B1 /* TabBarViewController.swift */; };
		EB8FCEB31DF98FD300EF715E /* DoctorProfileViewController.swift in Sources */ = {isa = PBXBuildFile; fileRef = EB8FCEB21DF98FD300EF715E /* DoctorProfileViewController.swift */; };
		EB9018121DB9473500A0E17C /* BlurView.swift in Sources */ = {isa = PBXBuildFile; fileRef = EB9017EB1DB9473500A0E17C /* BlurView.swift */; };
		EB9018131DB9473500A0E17C /* AVPlayer.swift in Sources */ = {isa = PBXBuildFile; fileRef = EB9017ED1DB9473500A0E17C /* AVPlayer.swift */; };
		EB9018141DB9473500A0E17C /* Bool.swift in Sources */ = {isa = PBXBuildFile; fileRef = EB9017EE1DB9473500A0E17C /* Bool.swift */; };
		EB9018151DB9473500A0E17C /* CALayer.swift in Sources */ = {isa = PBXBuildFile; fileRef = EB9017EF1DB9473500A0E17C /* CALayer.swift */; };
		EB9018161DB9473500A0E17C /* CAShapeLayer.swift in Sources */ = {isa = PBXBuildFile; fileRef = EB9017F01DB9473500A0E17C /* CAShapeLayer.swift */; };
		EB9018171DB9473500A0E17C /* CGPoint.swift in Sources */ = {isa = PBXBuildFile; fileRef = EB9017F11DB9473500A0E17C /* CGPoint.swift */; };
		EB9018181DB9473500A0E17C /* CGRect.swift in Sources */ = {isa = PBXBuildFile; fileRef = EB9017F21DB9473500A0E17C /* CGRect.swift */; };
		EB9018191DB9473500A0E17C /* CGSize.swift in Sources */ = {isa = PBXBuildFile; fileRef = EB9017F31DB9473500A0E17C /* CGSize.swift */; };
		EB90181A1DB9473500A0E17C /* UIApplication.swift in Sources */ = {isa = PBXBuildFile; fileRef = EB9017F41DB9473500A0E17C /* UIApplication.swift */; };
		EB90181B1DB9473500A0E17C /* UIBezierPath.swift in Sources */ = {isa = PBXBuildFile; fileRef = EB9017F51DB9473500A0E17C /* UIBezierPath.swift */; };
		EB90181C1DB9473500A0E17C /* UIButton.swift in Sources */ = {isa = PBXBuildFile; fileRef = EB9017F61DB9473500A0E17C /* UIButton.swift */; };
		EB90181D1DB9473500A0E17C /* UIImageView.swift in Sources */ = {isa = PBXBuildFile; fileRef = EB9017F71DB9473500A0E17C /* UIImageView.swift */; };
		EB90181E1DB9473500A0E17C /* UISlider.swift in Sources */ = {isa = PBXBuildFile; fileRef = EB9017F81DB9473500A0E17C /* UISlider.swift */; };
		EB90181F1DB9473500A0E17C /* UIView.swift in Sources */ = {isa = PBXBuildFile; fileRef = EB9017F91DB9473500A0E17C /* UIView.swift */; };
		EB9018201DB9473500A0E17C /* UIViewController.swift in Sources */ = {isa = PBXBuildFile; fileRef = EB9017FA1DB9473500A0E17C /* UIViewController.swift */; };
		EB9018211DB9473500A0E17C /* GalleryConfiguration.swift in Sources */ = {isa = PBXBuildFile; fileRef = EB9017FB1DB9473500A0E17C /* GalleryConfiguration.swift */; };
		EB9018221DB9473500A0E17C /* GalleryDisplacedViewsDatasource.swift in Sources */ = {isa = PBXBuildFile; fileRef = EB9017FC1DB9473500A0E17C /* GalleryDisplacedViewsDatasource.swift */; };
		EB9018231DB9473500A0E17C /* GalleryItem.swift in Sources */ = {isa = PBXBuildFile; fileRef = EB9017FD1DB9473500A0E17C /* GalleryItem.swift */; };
		EB9018241DB9473500A0E17C /* GalleryItemsDatasource.swift in Sources */ = {isa = PBXBuildFile; fileRef = EB9017FE1DB9473500A0E17C /* GalleryItemsDatasource.swift */; };
		EB9018251DB9473500A0E17C /* GalleryPagingDatasource.swift in Sources */ = {isa = PBXBuildFile; fileRef = EB9017FF1DB9473500A0E17C /* GalleryPagingDatasource.swift */; };
		EB9018261DB9473500A0E17C /* GallerySwipeToDismissTransition.swift in Sources */ = {isa = PBXBuildFile; fileRef = EB9018001DB9473500A0E17C /* GallerySwipeToDismissTransition.swift */; };
		EB9018271DB9473500A0E17C /* GalleryViewController.swift in Sources */ = {isa = PBXBuildFile; fileRef = EB9018011DB9473500A0E17C /* GalleryViewController.swift */; };
		EB9018281DB9473500A0E17C /* ImageFadeInHandler.swift in Sources */ = {isa = PBXBuildFile; fileRef = EB9018021DB9473500A0E17C /* ImageFadeInHandler.swift */; };
		EB9018291DB9473500A0E17C /* ImageViewController.swift in Sources */ = {isa = PBXBuildFile; fileRef = EB9018031DB9473500A0E17C /* ImageViewController.swift */; };
		EB90182A1DB9473500A0E17C /* ItemBaseController.swift in Sources */ = {isa = PBXBuildFile; fileRef = EB9018041DB9473500A0E17C /* ItemBaseController.swift */; };
		EB90182B1DB9473500A0E17C /* ItemController.swift in Sources */ = {isa = PBXBuildFile; fileRef = EB9018051DB9473500A0E17C /* ItemController.swift */; };
		EB90182C1DB9473500A0E17C /* ItemControllerDelegate.swift in Sources */ = {isa = PBXBuildFile; fileRef = EB9018061DB9473500A0E17C /* ItemControllerDelegate.swift */; };
		EB90182D1DB9473500A0E17C /* LayoutEnums.swift in Sources */ = {isa = PBXBuildFile; fileRef = EB9018071DB9473500A0E17C /* LayoutEnums.swift */; };
		EB90182E1DB9473500A0E17C /* Slider.swift in Sources */ = {isa = PBXBuildFile; fileRef = EB9018081DB9473500A0E17C /* Slider.swift */; };
		EB90182F1DB9473500A0E17C /* ThumbnailCell.swift in Sources */ = {isa = PBXBuildFile; fileRef = EB90180A1DB9473500A0E17C /* ThumbnailCell.swift */; };
		EB9018301DB9473500A0E17C /* ThumbnailsViewController.swift in Sources */ = {isa = PBXBuildFile; fileRef = EB90180B1DB9473500A0E17C /* ThumbnailsViewController.swift */; };
		EB9018311DB9473500A0E17C /* UtilityFunctions.swift in Sources */ = {isa = PBXBuildFile; fileRef = EB90180C1DB9473500A0E17C /* UtilityFunctions.swift */; };
		EB9018321DB9473500A0E17C /* VideoScrubber.swift in Sources */ = {isa = PBXBuildFile; fileRef = EB90180D1DB9473500A0E17C /* VideoScrubber.swift */; };
		EB9018331DB9473500A0E17C /* VideoView.swift in Sources */ = {isa = PBXBuildFile; fileRef = EB90180E1DB9473500A0E17C /* VideoView.swift */; };
		EB9018341DB9473500A0E17C /* VideoViewController.swift in Sources */ = {isa = PBXBuildFile; fileRef = EB90180F1DB9473500A0E17C /* VideoViewController.swift */; };
		EB960EE3169F54BD005B70A1 /* PatientTableViewCell.swift in Sources */ = {isa = PBXBuildFile; fileRef = EB960EE2169F54BD005B70A1 /* PatientTableViewCell.swift */; };
		EB960EE5169F5649005B70A1 /* PatientListViewController.swift in Sources */ = {isa = PBXBuildFile; fileRef = EB960EE4169F5649005B70A1 /* PatientListViewController.swift */; };
		EB9E12611E37D0450055C016 /* FileUtils.swift in Sources */ = {isa = PBXBuildFile; fileRef = EB9E12601E37D0450055C016 /* FileUtils.swift */; };
		EBA751CF1DEC4F4F00A9CCC7 /* IntroScreenViewController.swift in Sources */ = {isa = PBXBuildFile; fileRef = EBA751CD1DEC4F4F00A9CCC7 /* IntroScreenViewController.swift */; };
		EBA751D01DEC4F4F00A9CCC7 /* IntroScreenViewController.xib in Resources */ = {isa = PBXBuildFile; fileRef = EBA751CE1DEC4F4F00A9CCC7 /* IntroScreenViewController.xib */; };
		EBA751D51DEC6E0200A9CCC7 /* CustomTextFieldView.xib in Resources */ = {isa = PBXBuildFile; fileRef = EBA751D41DEC6E0200A9CCC7 /* CustomTextFieldView.xib */; };
		EBA751D71DEC6E1800A9CCC7 /* CustomTextFieldView.swift in Sources */ = {isa = PBXBuildFile; fileRef = EBA751D61DEC6E1800A9CCC7 /* CustomTextFieldView.swift */; };
		EBAEDA551DEF612900ED7B5F /* RequestNewPWDViewController.swift in Sources */ = {isa = PBXBuildFile; fileRef = EBAEDA541DEF612900ED7B5F /* RequestNewPWDViewController.swift */; };
		EBAEDA571DEF614000ED7B5F /* CreateNewPWDViewController.swift in Sources */ = {isa = PBXBuildFile; fileRef = EBAEDA561DEF614000ED7B5F /* CreateNewPWDViewController.swift */; };
		EBAEDA591DEF633200ED7B5F /* AlertViewController.swift in Sources */ = {isa = PBXBuildFile; fileRef = EBAEDA581DEF633200ED7B5F /* AlertViewController.swift */; };
		EBB1E2F01DCE099100854C93 /* SlideNavigationContorllerAnimatorFade.m in Sources */ = {isa = PBXBuildFile; fileRef = EBB1E2E21DCE099100854C93 /* SlideNavigationContorllerAnimatorFade.m */; };
		EBB1E2F11DCE099100854C93 /* SlideNavigationContorllerAnimatorScale.m in Sources */ = {isa = PBXBuildFile; fileRef = EBB1E2E41DCE099100854C93 /* SlideNavigationContorllerAnimatorScale.m */; };
		EBB1E2F21DCE099100854C93 /* SlideNavigationContorllerAnimatorScaleAndFade.m in Sources */ = {isa = PBXBuildFile; fileRef = EBB1E2E61DCE099100854C93 /* SlideNavigationContorllerAnimatorScaleAndFade.m */; };
		EBB1E2F31DCE099100854C93 /* SlideNavigationContorllerAnimatorSlide.m in Sources */ = {isa = PBXBuildFile; fileRef = EBB1E2E81DCE099100854C93 /* SlideNavigationContorllerAnimatorSlide.m */; };
		EBB1E2F41DCE099100854C93 /* SlideNavigationContorllerAnimatorSlideAndFade.m in Sources */ = {isa = PBXBuildFile; fileRef = EBB1E2EA1DCE099100854C93 /* SlideNavigationContorllerAnimatorSlideAndFade.m */; };
		EBB1E2F51DCE099100854C93 /* menu-button.png in Resources */ = {isa = PBXBuildFile; fileRef = EBB1E2EC1DCE099100854C93 /* menu-button.png */; };
		EBB1E2F61DCE099100854C93 /* menu-button@2x.png in Resources */ = {isa = PBXBuildFile; fileRef = EBB1E2ED1DCE099100854C93 /* menu-button@2x.png */; };
		EBB1E2F71DCE099100854C93 /* SlideNavigationController.m in Sources */ = {isa = PBXBuildFile; fileRef = EBB1E2EF1DCE099100854C93 /* SlideNavigationController.m */; };
		EBB1E2FB1DCE1A8A00854C93 /* LeftMenuTableViewCell.swift in Sources */ = {isa = PBXBuildFile; fileRef = EBB1E2FA1DCE1A8A00854C93 /* LeftMenuTableViewCell.swift */; };
		EBBEBCF11E01B2F400DAADE8 /* DatePickerView.swift in Sources */ = {isa = PBXBuildFile; fileRef = EBBEBCF01E01B2F400DAADE8 /* DatePickerView.swift */; };
		EBC06A2F1DB4F8CB00D4FCF2 /* CustomIdentityProvider.swift in Sources */ = {isa = PBXBuildFile; fileRef = EBC06A2E1DB4F8CB00D4FCF2 /* CustomIdentityProvider.swift */; };
		EBC06A321DB51A8600D4FCF2 /* DashboardTableViewCell.swift in Sources */ = {isa = PBXBuildFile; fileRef = EBC06A311DB51A8600D4FCF2 /* DashboardTableViewCell.swift */; };
		EBC06A361DB51C9B00D4FCF2 /* Message.swift in Sources */ = {isa = PBXBuildFile; fileRef = EBC06A351DB51C9B00D4FCF2 /* Message.swift */; };
		EBC06A381DB51F0200D4FCF2 /* Conversation.swift in Sources */ = {isa = PBXBuildFile; fileRef = EBC06A371DB51F0200D4FCF2 /* Conversation.swift */; };
		EBC06A3E1DB523B100D4FCF2 /* ChatViewController.swift in Sources */ = {isa = PBXBuildFile; fileRef = EBC06A3D1DB523B100D4FCF2 /* ChatViewController.swift */; };
		EBD473221E12991100F0EA7D /* CWStatusBarNotification.m in Sources */ = {isa = PBXBuildFile; fileRef = EBD473211E12991100F0EA7D /* CWStatusBarNotification.m */; };
		EBF7629D1DEDC5BE00100959 /* SignupEmailPwdDobViewController.swift in Sources */ = {isa = PBXBuildFile; fileRef = EBF7629C1DEDC5BE00100959 /* SignupEmailPwdDobViewController.swift */; };
		EBFD21751DF9DCE7000B1881 /* PatientProfileViewController.swift in Sources */ = {isa = PBXBuildFile; fileRef = EBFD21741DF9DCE7000B1881 /* PatientProfileViewController.swift */; };
		EBFD21861DF9F31B000B1881 /* ChangeDocAddrViewController.swift in Sources */ = {isa = PBXBuildFile; fileRef = EBFD217F1DF9F31B000B1881 /* ChangeDocAddrViewController.swift */; };
		EBFD21871DF9F31B000B1881 /* ChangeDocTitleViewController.swift in Sources */ = {isa = PBXBuildFile; fileRef = EBFD21801DF9F31B000B1881 /* ChangeDocTitleViewController.swift */; };
		EBFD21881DF9F31B000B1881 /* ChangeDocTypeViewController.swift in Sources */ = {isa = PBXBuildFile; fileRef = EBFD21811DF9F31B000B1881 /* ChangeDocTypeViewController.swift */; };
		EBFD21891DF9F31B000B1881 /* ChangeNameViewController.swift in Sources */ = {isa = PBXBuildFile; fileRef = EBFD21821DF9F31B000B1881 /* ChangeNameViewController.swift */; };
		EBFD218A1DF9F31B000B1881 /* ChangePWDViewController.swift in Sources */ = {isa = PBXBuildFile; fileRef = EBFD21831DF9F31B000B1881 /* ChangePWDViewController.swift */; };
		EBFD218B1DF9F31B000B1881 /* ChangeDOBViewController.swift in Sources */ = {isa = PBXBuildFile; fileRef = EBFD21841DF9F31B000B1881 /* ChangeDOBViewController.swift */; };
		EBFD218C1DF9F31B000B1881 /* ChangeEmailViewController.swift in Sources */ = {isa = PBXBuildFile; fileRef = EBFD21851DF9F31B000B1881 /* ChangeEmailViewController.swift */; };
		EBFD218E1DF9F325000B1881 /* ChooseUserTypeViewController.swift in Sources */ = {isa = PBXBuildFile; fileRef = EBFD218D1DF9F325000B1881 /* ChooseUserTypeViewController.swift */; };
		EBFD21901DF9F5A7000B1881 /* DoctorPromptListViewController.swift in Sources */ = {isa = PBXBuildFile; fileRef = EBFD218F1DF9F5A7000B1881 /* DoctorPromptListViewController.swift */; };
		EBFD21921DF9F70E000B1881 /* DocPromptTableViewCell.swift in Sources */ = {isa = PBXBuildFile; fileRef = EBFD21911DF9F70E000B1881 /* DocPromptTableViewCell.swift */; };
/* End PBXBuildFile section */

/* Begin PBXContainerItemProxy section */
		EB530B251DA812290069ED76 /* PBXContainerItemProxy */ = {
			isa = PBXContainerItemProxy;
			containerPortal = EB530B051DA812290069ED76 /* Project object */;
			proxyType = 1;
			remoteGlobalIDString = EB530B0C1DA812290069ED76;
			remoteInfo = Dr.Text;
		};
/* End PBXContainerItemProxy section */

/* Begin PBXFileReference section */
		1950DAFF531B54CB3E06164E /* Pods-Dr.Text.debug.xcconfig */ = {isa = PBXFileReference; includeInIndex = 1; lastKnownFileType = text.xcconfig; name = "Pods-Dr.Text.debug.xcconfig"; path = "Pods/Target Support Files/Pods-Dr.Text/Pods-Dr.Text.debug.xcconfig"; sourceTree = "<group>"; };
		2701728D1CBA4EAB20845D86 /* Pods_Dr_Text.framework */ = {isa = PBXFileReference; explicitFileType = wrapper.framework; includeInIndex = 0; path = Pods_Dr_Text.framework; sourceTree = BUILT_PRODUCTS_DIR; };
		D3379F7C5FC7E6A34B0FC40D /* Pods-Dr.Text.release.xcconfig */ = {isa = PBXFileReference; includeInIndex = 1; lastKnownFileType = text.xcconfig; name = "Pods-Dr.Text.release.xcconfig"; path = "Pods/Target Support Files/Pods-Dr.Text/Pods-Dr.Text.release.xcconfig"; sourceTree = "<group>"; };
		EB0429541DF0A2F9009F2B14 /* Doctor.swift */ = {isa = PBXFileReference; fileEncoding = 4; lastKnownFileType = sourcecode.swift; path = Doctor.swift; sourceTree = "<group>"; };
		EB0AA61F1DF05CBB008381F5 /* DoctorTableViewCell.swift */ = {isa = PBXFileReference; fileEncoding = 4; lastKnownFileType = sourcecode.swift; path = DoctorTableViewCell.swift; sourceTree = "<group>"; };
		EB1874221DD9BEBA004EC57B /* MessageDA.swift */ = {isa = PBXFileReference; fileEncoding = 4; lastKnownFileType = sourcecode.swift; path = MessageDA.swift; sourceTree = "<group>"; };
		EB1874241DD9BF90004EC57B /* MessageEntity.swift */ = {isa = PBXFileReference; fileEncoding = 4; lastKnownFileType = sourcecode.swift; path = MessageEntity.swift; sourceTree = "<group>"; };
		EB18742A1DDA2640004EC57B /* PatientInvitationViewController.swift */ = {isa = PBXFileReference; fileEncoding = 4; lastKnownFileType = sourcecode.swift; path = PatientInvitationViewController.swift; sourceTree = "<group>"; };
		EB18742C1DDA26C7004EC57B /* VerifyDoctorViewController.swift */ = {isa = PBXFileReference; fileEncoding = 4; lastKnownFileType = sourcecode.swift; path = VerifyDoctorViewController.swift; sourceTree = "<group>"; };
		EB1998F71E005D830051BD6E /* SendChatMsgViewController.swift */ = {isa = PBXFileReference; fileEncoding = 4; lastKnownFileType = sourcecode.swift; path = SendChatMsgViewController.swift; sourceTree = "<group>"; };
		EB2076541DB0FA300095F248 /* enums.swift */ = {isa = PBXFileReference; fileEncoding = 4; lastKnownFileType = sourcecode.swift; path = enums.swift; sourceTree = "<group>"; };
		EB2076581DB151F00095F248 /* BaseViewController.swift */ = {isa = PBXFileReference; fileEncoding = 4; lastKnownFileType = sourcecode.swift; path = BaseViewController.swift; sourceTree = "<group>"; };
		EB20765A1DB15B790095F248 /* Phone.json */ = {isa = PBXFileReference; fileEncoding = 4; lastKnownFileType = text.json; path = Phone.json; sourceTree = "<group>"; };
		EB2A7F141DB7966800138988 /* Dr.Text.entitlements */ = {isa = PBXFileReference; lastKnownFileType = text.plist.entitlements; path = Dr.Text.entitlements; sourceTree = "<group>"; };
		EB2F0BBE1E0315540096D485 /* DocTextApi.swift */ = {isa = PBXFileReference; fileEncoding = 4; lastKnownFileType = sourcecode.swift; path = DocTextApi.swift; sourceTree = "<group>"; };
		EB3214F91E09A35600E1AEEC /* SplashViewController.swift */ = {isa = PBXFileReference; fileEncoding = 4; lastKnownFileType = sourcecode.swift; path = SplashViewController.swift; sourceTree = "<group>"; };
		EB3BF9C91DE60FA5007EC4E4 /* DrTextJSQVideoMediaItem.swift */ = {isa = PBXFileReference; fileEncoding = 4; lastKnownFileType = sourcecode.swift; path = DrTextJSQVideoMediaItem.swift; sourceTree = "<group>"; };
		EB48981E1E016592001CB014 /* paymentViewController.swift */ = {isa = PBXFileReference; fileEncoding = 4; lastKnownFileType = sourcecode.swift; path = paymentViewController.swift; sourceTree = "<group>"; };
		EB4A03F61E2659B500498F65 /* States.json */ = {isa = PBXFileReference; fileEncoding = 4; lastKnownFileType = text.json; path = States.json; sourceTree = "<group>"; };
		EB51916E1DFC555F00D78BF6 /* RecoveryCodeViewController.swift */ = {isa = PBXFileReference; fileEncoding = 4; lastKnownFileType = sourcecode.swift; path = RecoveryCodeViewController.swift; sourceTree = "<group>"; };
		EB530B0D1DA812290069ED76 /* Dr.Text.app */ = {isa = PBXFileReference; explicitFileType = wrapper.application; includeInIndex = 0; path = Dr.Text.app; sourceTree = BUILT_PRODUCTS_DIR; };
		EB530B101DA812290069ED76 /* AppDelegate.swift */ = {isa = PBXFileReference; lastKnownFileType = sourcecode.swift; path = AppDelegate.swift; sourceTree = "<group>"; };
		EB530B151DA812290069ED76 /* Base */ = {isa = PBXFileReference; lastKnownFileType = file.storyboard; name = Base; path = Base.lproj/Main.storyboard; sourceTree = "<group>"; };
		EB530B181DA812290069ED76 /* Dr_Text.xcdatamodel */ = {isa = PBXFileReference; lastKnownFileType = wrapper.xcdatamodel; path = Dr_Text.xcdatamodel; sourceTree = "<group>"; };
		EB530B1A1DA812290069ED76 /* Assets.xcassets */ = {isa = PBXFileReference; lastKnownFileType = folder.assetcatalog; path = Assets.xcassets; sourceTree = "<group>"; };
		EB530B1D1DA812290069ED76 /* Base */ = {isa = PBXFileReference; lastKnownFileType = file.storyboard; name = Base; path = Base.lproj/LaunchScreen.storyboard; sourceTree = "<group>"; };
		EB530B1F1DA812290069ED76 /* Info.plist */ = {isa = PBXFileReference; lastKnownFileType = text.plist.xml; path = Info.plist; sourceTree = "<group>"; };
		EB530B241DA812290069ED76 /* Dr.TextTests.xctest */ = {isa = PBXFileReference; explicitFileType = wrapper.cfbundle; includeInIndex = 0; path = Dr.TextTests.xctest; sourceTree = BUILT_PRODUCTS_DIR; };
		EB530B281DA812290069ED76 /* Dr_TextTests.swift */ = {isa = PBXFileReference; lastKnownFileType = sourcecode.swift; path = Dr_TextTests.swift; sourceTree = "<group>"; };
		EB530B2A1DA812290069ED76 /* Info.plist */ = {isa = PBXFileReference; lastKnownFileType = text.plist.xml; path = Info.plist; sourceTree = "<group>"; };
		EB5534101DAE67C800C02F05 /* User.swift */ = {isa = PBXFileReference; fileEncoding = 4; lastKnownFileType = sourcecode.swift; path = User.swift; sourceTree = "<group>"; };
		EB5534161DAE680300C02F05 /* IntroductionViewController.swift */ = {isa = PBXFileReference; fileEncoding = 4; lastKnownFileType = sourcecode.swift; path = IntroductionViewController.swift; sourceTree = "<group>"; };
		EB5534171DAE680300C02F05 /* DashboardViewController.swift */ = {isa = PBXFileReference; fileEncoding = 4; lastKnownFileType = sourcecode.swift; path = DashboardViewController.swift; sourceTree = "<group>"; };
		EB5534181DAE680300C02F05 /* LoginViewController.swift */ = {isa = PBXFileReference; fileEncoding = 4; lastKnownFileType = sourcecode.swift; path = LoginViewController.swift; sourceTree = "<group>"; };
		EB5534201DAE685A00C02F05 /* Utils.swift */ = {isa = PBXFileReference; fileEncoding = 4; lastKnownFileType = sourcecode.swift; path = Utils.swift; sourceTree = "<group>"; };
		EB5534311DAE864700C02F05 /* SignUpPhNoViewController.swift */ = {isa = PBXFileReference; fileEncoding = 4; lastKnownFileType = sourcecode.swift; path = SignUpPhNoViewController.swift; sourceTree = "<group>"; };
		EB5534331DAE864700C02F05 /* SignUpViewController.swift */ = {isa = PBXFileReference; fileEncoding = 4; lastKnownFileType = sourcecode.swift; path = SignUpViewController.swift; sourceTree = "<group>"; };
		EB5534381DAE86EA00C02F05 /* ConfirmationViewController.swift */ = {isa = PBXFileReference; fileEncoding = 4; lastKnownFileType = sourcecode.swift; path = ConfirmationViewController.swift; sourceTree = "<group>"; };
		EB55343A1DAEBBD700C02F05 /* Constants.swift */ = {isa = PBXFileReference; fileEncoding = 4; lastKnownFileType = sourcecode.swift; path = Constants.swift; sourceTree = "<group>"; };
		EB577D191DE72FDF005E82A7 /* IQ_FDWaveformView.h */ = {isa = PBXFileReference; fileEncoding = 4; lastKnownFileType = sourcecode.c.h; path = IQ_FDWaveformView.h; sourceTree = "<group>"; };
		EB577D1A1DE72FDF005E82A7 /* IQ_FDWaveformView.m */ = {isa = PBXFileReference; fileEncoding = 4; lastKnownFileType = sourcecode.c.objc; path = IQ_FDWaveformView.m; sourceTree = "<group>"; };
		EB577D1B1DE72FDF005E82A7 /* IQAudioCropperViewController.h */ = {isa = PBXFileReference; fileEncoding = 4; lastKnownFileType = sourcecode.c.h; path = IQAudioCropperViewController.h; sourceTree = "<group>"; };
		EB577D1C1DE72FDF005E82A7 /* IQAudioCropperViewController.m */ = {isa = PBXFileReference; fileEncoding = 4; lastKnownFileType = sourcecode.c.objc; path = IQAudioCropperViewController.m; sourceTree = "<group>"; };
		EB577D1D1DE72FDF005E82A7 /* IQAudioRecorderConstraints.h */ = {isa = PBXFileReference; fileEncoding = 4; lastKnownFileType = sourcecode.c.h; path = IQAudioRecorderConstraints.h; sourceTree = "<group>"; };
		EB577D1E1DE72FDF005E82A7 /* IQAudioRecorderConstraints.m */ = {isa = PBXFileReference; fileEncoding = 4; lastKnownFileType = sourcecode.c.objc; path = IQAudioRecorderConstraints.m; sourceTree = "<group>"; };
		EB577D1F1DE72FDF005E82A7 /* IQAudioRecorderViewController.h */ = {isa = PBXFileReference; fileEncoding = 4; lastKnownFileType = sourcecode.c.h; path = IQAudioRecorderViewController.h; sourceTree = "<group>"; };
		EB577D201DE72FDF005E82A7 /* IQAudioRecorderViewController.m */ = {isa = PBXFileReference; fileEncoding = 4; lastKnownFileType = sourcecode.c.objc; path = IQAudioRecorderViewController.m; sourceTree = "<group>"; };
		EB577D211DE72FDF005E82A7 /* IQCropSelectionBeginView.h */ = {isa = PBXFileReference; fileEncoding = 4; lastKnownFileType = sourcecode.c.h; path = IQCropSelectionBeginView.h; sourceTree = "<group>"; };
		EB577D221DE72FDF005E82A7 /* IQCropSelectionBeginView.m */ = {isa = PBXFileReference; fileEncoding = 4; lastKnownFileType = sourcecode.c.objc; path = IQCropSelectionBeginView.m; sourceTree = "<group>"; };
		EB577D231DE72FDF005E82A7 /* IQCropSelectionEndView.h */ = {isa = PBXFileReference; fileEncoding = 4; lastKnownFileType = sourcecode.c.h; path = IQCropSelectionEndView.h; sourceTree = "<group>"; };
		EB577D241DE72FDF005E82A7 /* IQCropSelectionEndView.m */ = {isa = PBXFileReference; fileEncoding = 4; lastKnownFileType = sourcecode.c.objc; path = IQCropSelectionEndView.m; sourceTree = "<group>"; };
		EB577D251DE72FDF005E82A7 /* IQCropSelectionView.h */ = {isa = PBXFileReference; fileEncoding = 4; lastKnownFileType = sourcecode.c.h; path = IQCropSelectionView.h; sourceTree = "<group>"; };
		EB577D261DE72FDF005E82A7 /* IQCropSelectionView.m */ = {isa = PBXFileReference; fileEncoding = 4; lastKnownFileType = sourcecode.c.objc; path = IQCropSelectionView.m; sourceTree = "<group>"; };
		EB577D271DE72FDF005E82A7 /* IQMessageDisplayView.h */ = {isa = PBXFileReference; fileEncoding = 4; lastKnownFileType = sourcecode.c.h; path = IQMessageDisplayView.h; sourceTree = "<group>"; };
		EB577D281DE72FDF005E82A7 /* IQMessageDisplayView.m */ = {isa = PBXFileReference; fileEncoding = 4; lastKnownFileType = sourcecode.c.objc; path = IQMessageDisplayView.m; sourceTree = "<group>"; };
		EB577D291DE72FDF005E82A7 /* IQPlaybackDurationView.h */ = {isa = PBXFileReference; fileEncoding = 4; lastKnownFileType = sourcecode.c.h; path = IQPlaybackDurationView.h; sourceTree = "<group>"; };
		EB577D2A1DE72FDF005E82A7 /* IQPlaybackDurationView.m */ = {isa = PBXFileReference; fileEncoding = 4; lastKnownFileType = sourcecode.c.objc; path = IQPlaybackDurationView.m; sourceTree = "<group>"; };
		EB577D2B1DE72FDF005E82A7 /* NSString+IQTimeIntervalFormatter.h */ = {isa = PBXFileReference; fileEncoding = 4; lastKnownFileType = sourcecode.c.h; path = "NSString+IQTimeIntervalFormatter.h"; sourceTree = "<group>"; };
		EB577D2C1DE72FDF005E82A7 /* NSString+IQTimeIntervalFormatter.m */ = {isa = PBXFileReference; fileEncoding = 4; lastKnownFileType = sourcecode.c.objc; path = "NSString+IQTimeIntervalFormatter.m"; sourceTree = "<group>"; };
		EB577D2E1DE72FDF005E82A7 /* audio_record.png */ = {isa = PBXFileReference; lastKnownFileType = image.png; path = audio_record.png; sourceTree = "<group>"; };
		EB577D2F1DE72FDF005E82A7 /* audio_record@2x.png */ = {isa = PBXFileReference; lastKnownFileType = image.png; path = "audio_record@2x.png"; sourceTree = "<group>"; };
		EB577D301DE72FDF005E82A7 /* audio_record@3x.png */ = {isa = PBXFileReference; lastKnownFileType = image.png; path = "audio_record@3x.png"; sourceTree = "<group>"; };
		EB577D311DE72FDF005E82A7 /* microphone_access.png */ = {isa = PBXFileReference; lastKnownFileType = image.png; path = microphone_access.png; sourceTree = "<group>"; };
		EB577D321DE72FDF005E82A7 /* microphone_access@2x.png */ = {isa = PBXFileReference; lastKnownFileType = image.png; path = "microphone_access@2x.png"; sourceTree = "<group>"; };
		EB577D331DE72FDF005E82A7 /* microphone_access@3x.png */ = {isa = PBXFileReference; lastKnownFileType = image.png; path = "microphone_access@3x.png"; sourceTree = "<group>"; };
		EB577D341DE72FDF005E82A7 /* scissor.png */ = {isa = PBXFileReference; lastKnownFileType = image.png; path = scissor.png; sourceTree = "<group>"; };
		EB577D351DE72FDF005E82A7 /* scissor@2x.png */ = {isa = PBXFileReference; lastKnownFileType = image.png; path = "scissor@2x.png"; sourceTree = "<group>"; };
		EB577D361DE72FDF005E82A7 /* scissor@3x.png */ = {isa = PBXFileReference; lastKnownFileType = image.png; path = "scissor@3x.png"; sourceTree = "<group>"; };
		EB577D371DE72FDF005E82A7 /* stop_playing.png */ = {isa = PBXFileReference; lastKnownFileType = image.png; path = stop_playing.png; sourceTree = "<group>"; };
		EB577D381DE72FDF005E82A7 /* stop_playing@2x.png */ = {isa = PBXFileReference; lastKnownFileType = image.png; path = "stop_playing@2x.png"; sourceTree = "<group>"; };
		EB577D391DE72FDF005E82A7 /* stop_playing@3x.png */ = {isa = PBXFileReference; lastKnownFileType = image.png; path = "stop_playing@3x.png"; sourceTree = "<group>"; };
		EB577D3A1DE72FDF005E82A7 /* stop_recording.png */ = {isa = PBXFileReference; lastKnownFileType = image.png; path = stop_recording.png; sourceTree = "<group>"; };
		EB577D3B1DE72FDF005E82A7 /* stop_recording@2x.png */ = {isa = PBXFileReference; lastKnownFileType = image.png; path = "stop_recording@2x.png"; sourceTree = "<group>"; };
		EB577D3C1DE72FDF005E82A7 /* stop_recording@3x.png */ = {isa = PBXFileReference; lastKnownFileType = image.png; path = "stop_recording@3x.png"; sourceTree = "<group>"; };
		EB5B912A1DEEEACB0034330C /* DoctorsListViewController.swift */ = {isa = PBXFileReference; fileEncoding = 4; lastKnownFileType = sourcecode.swift; path = DoctorsListViewController.swift; sourceTree = "<group>"; };
		EB65A27C1E2FE3230059D6CE /* DoctorChargeViewController.swift */ = {isa = PBXFileReference; fileEncoding = 4; lastKnownFileType = sourcecode.swift; name = DoctorChargeViewController.swift; path = ../DoctorChargeViewController.swift; sourceTree = "<group>"; };
		EB6E25CE1E1FB45000A870E8 /* GetLocation.swift */ = {isa = PBXFileReference; fileEncoding = 4; lastKnownFileType = sourcecode.swift; path = GetLocation.swift; sourceTree = "<group>"; };
		EB7011601DF82BE5001B97B8 /* DoctorPromptViewController.swift */ = {isa = PBXFileReference; fileEncoding = 4; lastKnownFileType = sourcecode.swift; path = DoctorPromptViewController.swift; sourceTree = "<group>"; };
		EB7011621DF82BFB001B97B8 /* DoctorOfficeViewController.swift */ = {isa = PBXFileReference; fileEncoding = 4; lastKnownFileType = sourcecode.swift; path = DoctorOfficeViewController.swift; sourceTree = "<group>"; };
		EB7011641DF82C17001B97B8 /* DoctorEmailPWDViewController.swift */ = {isa = PBXFileReference; fileEncoding = 4; lastKnownFileType = sourcecode.swift; path = DoctorEmailPWDViewController.swift; sourceTree = "<group>"; };
		EB8E25121DB2783500F634B1 /* TabBarViewController.swift */ = {isa = PBXFileReference; fileEncoding = 4; lastKnownFileType = sourcecode.swift; path = TabBarViewController.swift; sourceTree = "<group>"; };
		EB8FCEB21DF98FD300EF715E /* DoctorProfileViewController.swift */ = {isa = PBXFileReference; fileEncoding = 4; lastKnownFileType = sourcecode.swift; path = DoctorProfileViewController.swift; sourceTree = "<group>"; };
		EB9017EB1DB9473500A0E17C /* BlurView.swift */ = {isa = PBXFileReference; fileEncoding = 4; lastKnownFileType = sourcecode.swift; path = BlurView.swift; sourceTree = "<group>"; };
		EB9017ED1DB9473500A0E17C /* AVPlayer.swift */ = {isa = PBXFileReference; fileEncoding = 4; lastKnownFileType = sourcecode.swift; path = AVPlayer.swift; sourceTree = "<group>"; };
		EB9017EE1DB9473500A0E17C /* Bool.swift */ = {isa = PBXFileReference; fileEncoding = 4; lastKnownFileType = sourcecode.swift; path = Bool.swift; sourceTree = "<group>"; };
		EB9017EF1DB9473500A0E17C /* CALayer.swift */ = {isa = PBXFileReference; fileEncoding = 4; lastKnownFileType = sourcecode.swift; path = CALayer.swift; sourceTree = "<group>"; };
		EB9017F01DB9473500A0E17C /* CAShapeLayer.swift */ = {isa = PBXFileReference; fileEncoding = 4; lastKnownFileType = sourcecode.swift; path = CAShapeLayer.swift; sourceTree = "<group>"; };
		EB9017F11DB9473500A0E17C /* CGPoint.swift */ = {isa = PBXFileReference; fileEncoding = 4; lastKnownFileType = sourcecode.swift; path = CGPoint.swift; sourceTree = "<group>"; };
		EB9017F21DB9473500A0E17C /* CGRect.swift */ = {isa = PBXFileReference; fileEncoding = 4; lastKnownFileType = sourcecode.swift; path = CGRect.swift; sourceTree = "<group>"; };
		EB9017F31DB9473500A0E17C /* CGSize.swift */ = {isa = PBXFileReference; fileEncoding = 4; lastKnownFileType = sourcecode.swift; path = CGSize.swift; sourceTree = "<group>"; };
		EB9017F41DB9473500A0E17C /* UIApplication.swift */ = {isa = PBXFileReference; fileEncoding = 4; lastKnownFileType = sourcecode.swift; path = UIApplication.swift; sourceTree = "<group>"; };
		EB9017F51DB9473500A0E17C /* UIBezierPath.swift */ = {isa = PBXFileReference; fileEncoding = 4; lastKnownFileType = sourcecode.swift; path = UIBezierPath.swift; sourceTree = "<group>"; };
		EB9017F61DB9473500A0E17C /* UIButton.swift */ = {isa = PBXFileReference; fileEncoding = 4; lastKnownFileType = sourcecode.swift; path = UIButton.swift; sourceTree = "<group>"; };
		EB9017F71DB9473500A0E17C /* UIImageView.swift */ = {isa = PBXFileReference; fileEncoding = 4; lastKnownFileType = sourcecode.swift; path = UIImageView.swift; sourceTree = "<group>"; };
		EB9017F81DB9473500A0E17C /* UISlider.swift */ = {isa = PBXFileReference; fileEncoding = 4; lastKnownFileType = sourcecode.swift; path = UISlider.swift; sourceTree = "<group>"; };
		EB9017F91DB9473500A0E17C /* UIView.swift */ = {isa = PBXFileReference; fileEncoding = 4; lastKnownFileType = sourcecode.swift; path = UIView.swift; sourceTree = "<group>"; };
		EB9017FA1DB9473500A0E17C /* UIViewController.swift */ = {isa = PBXFileReference; fileEncoding = 4; lastKnownFileType = sourcecode.swift; path = UIViewController.swift; sourceTree = "<group>"; };
		EB9017FB1DB9473500A0E17C /* GalleryConfiguration.swift */ = {isa = PBXFileReference; fileEncoding = 4; lastKnownFileType = sourcecode.swift; path = GalleryConfiguration.swift; sourceTree = "<group>"; };
		EB9017FC1DB9473500A0E17C /* GalleryDisplacedViewsDatasource.swift */ = {isa = PBXFileReference; fileEncoding = 4; lastKnownFileType = sourcecode.swift; path = GalleryDisplacedViewsDatasource.swift; sourceTree = "<group>"; };
		EB9017FD1DB9473500A0E17C /* GalleryItem.swift */ = {isa = PBXFileReference; fileEncoding = 4; lastKnownFileType = sourcecode.swift; path = GalleryItem.swift; sourceTree = "<group>"; };
		EB9017FE1DB9473500A0E17C /* GalleryItemsDatasource.swift */ = {isa = PBXFileReference; fileEncoding = 4; lastKnownFileType = sourcecode.swift; path = GalleryItemsDatasource.swift; sourceTree = "<group>"; };
		EB9017FF1DB9473500A0E17C /* GalleryPagingDatasource.swift */ = {isa = PBXFileReference; fileEncoding = 4; lastKnownFileType = sourcecode.swift; path = GalleryPagingDatasource.swift; sourceTree = "<group>"; };
		EB9018001DB9473500A0E17C /* GallerySwipeToDismissTransition.swift */ = {isa = PBXFileReference; fileEncoding = 4; lastKnownFileType = sourcecode.swift; path = GallerySwipeToDismissTransition.swift; sourceTree = "<group>"; };
		EB9018011DB9473500A0E17C /* GalleryViewController.swift */ = {isa = PBXFileReference; fileEncoding = 4; lastKnownFileType = sourcecode.swift; path = GalleryViewController.swift; sourceTree = "<group>"; };
		EB9018021DB9473500A0E17C /* ImageFadeInHandler.swift */ = {isa = PBXFileReference; fileEncoding = 4; lastKnownFileType = sourcecode.swift; path = ImageFadeInHandler.swift; sourceTree = "<group>"; };
		EB9018031DB9473500A0E17C /* ImageViewController.swift */ = {isa = PBXFileReference; fileEncoding = 4; lastKnownFileType = sourcecode.swift; path = ImageViewController.swift; sourceTree = "<group>"; };
		EB9018041DB9473500A0E17C /* ItemBaseController.swift */ = {isa = PBXFileReference; fileEncoding = 4; lastKnownFileType = sourcecode.swift; path = ItemBaseController.swift; sourceTree = "<group>"; };
		EB9018051DB9473500A0E17C /* ItemController.swift */ = {isa = PBXFileReference; fileEncoding = 4; lastKnownFileType = sourcecode.swift; path = ItemController.swift; sourceTree = "<group>"; };
		EB9018061DB9473500A0E17C /* ItemControllerDelegate.swift */ = {isa = PBXFileReference; fileEncoding = 4; lastKnownFileType = sourcecode.swift; path = ItemControllerDelegate.swift; sourceTree = "<group>"; };
		EB9018071DB9473500A0E17C /* LayoutEnums.swift */ = {isa = PBXFileReference; fileEncoding = 4; lastKnownFileType = sourcecode.swift; path = LayoutEnums.swift; sourceTree = "<group>"; };
		EB9018081DB9473500A0E17C /* Slider.swift */ = {isa = PBXFileReference; fileEncoding = 4; lastKnownFileType = sourcecode.swift; path = Slider.swift; sourceTree = "<group>"; };
		EB90180A1DB9473500A0E17C /* ThumbnailCell.swift */ = {isa = PBXFileReference; fileEncoding = 4; lastKnownFileType = sourcecode.swift; path = ThumbnailCell.swift; sourceTree = "<group>"; };
		EB90180B1DB9473500A0E17C /* ThumbnailsViewController.swift */ = {isa = PBXFileReference; fileEncoding = 4; lastKnownFileType = sourcecode.swift; path = ThumbnailsViewController.swift; sourceTree = "<group>"; };
		EB90180C1DB9473500A0E17C /* UtilityFunctions.swift */ = {isa = PBXFileReference; fileEncoding = 4; lastKnownFileType = sourcecode.swift; path = UtilityFunctions.swift; sourceTree = "<group>"; };
		EB90180D1DB9473500A0E17C /* VideoScrubber.swift */ = {isa = PBXFileReference; fileEncoding = 4; lastKnownFileType = sourcecode.swift; path = VideoScrubber.swift; sourceTree = "<group>"; };
		EB90180E1DB9473500A0E17C /* VideoView.swift */ = {isa = PBXFileReference; fileEncoding = 4; lastKnownFileType = sourcecode.swift; path = VideoView.swift; sourceTree = "<group>"; };
		EB90180F1DB9473500A0E17C /* VideoViewController.swift */ = {isa = PBXFileReference; fileEncoding = 4; lastKnownFileType = sourcecode.swift; path = VideoViewController.swift; sourceTree = "<group>"; };
		EB960EE2169F54BD005B70A1 /* PatientTableViewCell.swift */ = {isa = PBXFileReference; fileEncoding = 4; lastKnownFileType = sourcecode.swift; path = PatientTableViewCell.swift; sourceTree = "<group>"; };
		EB960EE4169F5649005B70A1 /* PatientListViewController.swift */ = {isa = PBXFileReference; fileEncoding = 4; lastKnownFileType = sourcecode.swift; path = PatientListViewController.swift; sourceTree = "<group>"; };
		EB9E12601E37D0450055C016 /* FileUtils.swift */ = {isa = PBXFileReference; fileEncoding = 4; lastKnownFileType = sourcecode.swift; path = FileUtils.swift; sourceTree = "<group>"; };
		EBA751CD1DEC4F4F00A9CCC7 /* IntroScreenViewController.swift */ = {isa = PBXFileReference; fileEncoding = 4; lastKnownFileType = sourcecode.swift; name = IntroScreenViewController.swift; path = ../ViewControllers/IntroScreenViewController.swift; sourceTree = "<group>"; };
		EBA751CE1DEC4F4F00A9CCC7 /* IntroScreenViewController.xib */ = {isa = PBXFileReference; fileEncoding = 4; lastKnownFileType = file.xib; name = IntroScreenViewController.xib; path = ../ViewControllers/IntroScreenViewController.xib; sourceTree = "<group>"; };
		EBA751D41DEC6E0200A9CCC7 /* CustomTextFieldView.xib */ = {isa = PBXFileReference; fileEncoding = 4; lastKnownFileType = file.xib; path = CustomTextFieldView.xib; sourceTree = "<group>"; };
		EBA751D61DEC6E1800A9CCC7 /* CustomTextFieldView.swift */ = {isa = PBXFileReference; fileEncoding = 4; lastKnownFileType = sourcecode.swift; path = CustomTextFieldView.swift; sourceTree = "<group>"; };
		EBAEDA541DEF612900ED7B5F /* RequestNewPWDViewController.swift */ = {isa = PBXFileReference; fileEncoding = 4; lastKnownFileType = sourcecode.swift; path = RequestNewPWDViewController.swift; sourceTree = "<group>"; };
		EBAEDA561DEF614000ED7B5F /* CreateNewPWDViewController.swift */ = {isa = PBXFileReference; fileEncoding = 4; lastKnownFileType = sourcecode.swift; path = CreateNewPWDViewController.swift; sourceTree = "<group>"; };
		EBAEDA581DEF633200ED7B5F /* AlertViewController.swift */ = {isa = PBXFileReference; fileEncoding = 4; lastKnownFileType = sourcecode.swift; path = AlertViewController.swift; sourceTree = "<group>"; };
		EBB1E2E01DCE099100854C93 /* SlideNavigationContorllerAnimator.h */ = {isa = PBXFileReference; fileEncoding = 4; lastKnownFileType = sourcecode.c.h; path = SlideNavigationContorllerAnimator.h; sourceTree = "<group>"; };
		EBB1E2E11DCE099100854C93 /* SlideNavigationContorllerAnimatorFade.h */ = {isa = PBXFileReference; fileEncoding = 4; lastKnownFileType = sourcecode.c.h; path = SlideNavigationContorllerAnimatorFade.h; sourceTree = "<group>"; };
		EBB1E2E21DCE099100854C93 /* SlideNavigationContorllerAnimatorFade.m */ = {isa = PBXFileReference; fileEncoding = 4; lastKnownFileType = sourcecode.c.objc; path = SlideNavigationContorllerAnimatorFade.m; sourceTree = "<group>"; };
		EBB1E2E31DCE099100854C93 /* SlideNavigationContorllerAnimatorScale.h */ = {isa = PBXFileReference; fileEncoding = 4; lastKnownFileType = sourcecode.c.h; path = SlideNavigationContorllerAnimatorScale.h; sourceTree = "<group>"; };
		EBB1E2E41DCE099100854C93 /* SlideNavigationContorllerAnimatorScale.m */ = {isa = PBXFileReference; fileEncoding = 4; lastKnownFileType = sourcecode.c.objc; path = SlideNavigationContorllerAnimatorScale.m; sourceTree = "<group>"; };
		EBB1E2E51DCE099100854C93 /* SlideNavigationContorllerAnimatorScaleAndFade.h */ = {isa = PBXFileReference; fileEncoding = 4; lastKnownFileType = sourcecode.c.h; path = SlideNavigationContorllerAnimatorScaleAndFade.h; sourceTree = "<group>"; };
		EBB1E2E61DCE099100854C93 /* SlideNavigationContorllerAnimatorScaleAndFade.m */ = {isa = PBXFileReference; fileEncoding = 4; lastKnownFileType = sourcecode.c.objc; path = SlideNavigationContorllerAnimatorScaleAndFade.m; sourceTree = "<group>"; };
		EBB1E2E71DCE099100854C93 /* SlideNavigationContorllerAnimatorSlide.h */ = {isa = PBXFileReference; fileEncoding = 4; lastKnownFileType = sourcecode.c.h; path = SlideNavigationContorllerAnimatorSlide.h; sourceTree = "<group>"; };
		EBB1E2E81DCE099100854C93 /* SlideNavigationContorllerAnimatorSlide.m */ = {isa = PBXFileReference; fileEncoding = 4; lastKnownFileType = sourcecode.c.objc; path = SlideNavigationContorllerAnimatorSlide.m; sourceTree = "<group>"; };
		EBB1E2E91DCE099100854C93 /* SlideNavigationContorllerAnimatorSlideAndFade.h */ = {isa = PBXFileReference; fileEncoding = 4; lastKnownFileType = sourcecode.c.h; path = SlideNavigationContorllerAnimatorSlideAndFade.h; sourceTree = "<group>"; };
		EBB1E2EA1DCE099100854C93 /* SlideNavigationContorllerAnimatorSlideAndFade.m */ = {isa = PBXFileReference; fileEncoding = 4; lastKnownFileType = sourcecode.c.objc; path = SlideNavigationContorllerAnimatorSlideAndFade.m; sourceTree = "<group>"; };
		EBB1E2EC1DCE099100854C93 /* menu-button.png */ = {isa = PBXFileReference; lastKnownFileType = image.png; path = "menu-button.png"; sourceTree = "<group>"; };
		EBB1E2ED1DCE099100854C93 /* menu-button@2x.png */ = {isa = PBXFileReference; lastKnownFileType = image.png; path = "menu-button@2x.png"; sourceTree = "<group>"; };
		EBB1E2EE1DCE099100854C93 /* SlideNavigationController.h */ = {isa = PBXFileReference; fileEncoding = 4; lastKnownFileType = sourcecode.c.h; path = SlideNavigationController.h; sourceTree = "<group>"; };
		EBB1E2EF1DCE099100854C93 /* SlideNavigationController.m */ = {isa = PBXFileReference; fileEncoding = 4; lastKnownFileType = sourcecode.c.objc; path = SlideNavigationController.m; sourceTree = "<group>"; };
		EBB1E2FA1DCE1A8A00854C93 /* LeftMenuTableViewCell.swift */ = {isa = PBXFileReference; fileEncoding = 4; lastKnownFileType = sourcecode.swift; path = LeftMenuTableViewCell.swift; sourceTree = "<group>"; };
		EBBEBCF01E01B2F400DAADE8 /* DatePickerView.swift */ = {isa = PBXFileReference; fileEncoding = 4; lastKnownFileType = sourcecode.swift; path = DatePickerView.swift; sourceTree = "<group>"; };
		EBC06A2E1DB4F8CB00D4FCF2 /* CustomIdentityProvider.swift */ = {isa = PBXFileReference; fileEncoding = 4; lastKnownFileType = sourcecode.swift; path = CustomIdentityProvider.swift; sourceTree = "<group>"; };
		EBC06A311DB51A8600D4FCF2 /* DashboardTableViewCell.swift */ = {isa = PBXFileReference; fileEncoding = 4; lastKnownFileType = sourcecode.swift; path = DashboardTableViewCell.swift; sourceTree = "<group>"; };
		EBC06A351DB51C9B00D4FCF2 /* Message.swift */ = {isa = PBXFileReference; fileEncoding = 4; lastKnownFileType = sourcecode.swift; path = Message.swift; sourceTree = "<group>"; };
		EBC06A371DB51F0200D4FCF2 /* Conversation.swift */ = {isa = PBXFileReference; fileEncoding = 4; lastKnownFileType = sourcecode.swift; path = Conversation.swift; sourceTree = "<group>"; };
		EBC06A391DB5235900D4FCF2 /* Dr.Text-Bridging-Header.h */ = {isa = PBXFileReference; lastKnownFileType = sourcecode.c.h; path = "Dr.Text-Bridging-Header.h"; sourceTree = "<group>"; };
		EBC06A3D1DB523B100D4FCF2 /* ChatViewController.swift */ = {isa = PBXFileReference; fileEncoding = 4; lastKnownFileType = sourcecode.swift; path = ChatViewController.swift; sourceTree = "<group>"; };
		EBD473201E12991100F0EA7D /* CWStatusBarNotification.h */ = {isa = PBXFileReference; fileEncoding = 4; lastKnownFileType = sourcecode.c.h; path = CWStatusBarNotification.h; sourceTree = "<group>"; };
		EBD473211E12991100F0EA7D /* CWStatusBarNotification.m */ = {isa = PBXFileReference; fileEncoding = 4; lastKnownFileType = sourcecode.c.objc; path = CWStatusBarNotification.m; sourceTree = "<group>"; };
		EBF7629C1DEDC5BE00100959 /* SignupEmailPwdDobViewController.swift */ = {isa = PBXFileReference; fileEncoding = 4; lastKnownFileType = sourcecode.swift; path = SignupEmailPwdDobViewController.swift; sourceTree = "<group>"; };
		EBFD21741DF9DCE7000B1881 /* PatientProfileViewController.swift */ = {isa = PBXFileReference; fileEncoding = 4; lastKnownFileType = sourcecode.swift; path = PatientProfileViewController.swift; sourceTree = "<group>"; };
		EBFD217F1DF9F31B000B1881 /* ChangeDocAddrViewController.swift */ = {isa = PBXFileReference; fileEncoding = 4; lastKnownFileType = sourcecode.swift; path = ChangeDocAddrViewController.swift; sourceTree = "<group>"; };
		EBFD21801DF9F31B000B1881 /* ChangeDocTitleViewController.swift */ = {isa = PBXFileReference; fileEncoding = 4; lastKnownFileType = sourcecode.swift; path = ChangeDocTitleViewController.swift; sourceTree = "<group>"; };
		EBFD21811DF9F31B000B1881 /* ChangeDocTypeViewController.swift */ = {isa = PBXFileReference; fileEncoding = 4; lastKnownFileType = sourcecode.swift; path = ChangeDocTypeViewController.swift; sourceTree = "<group>"; };
		EBFD21821DF9F31B000B1881 /* ChangeNameViewController.swift */ = {isa = PBXFileReference; fileEncoding = 4; lastKnownFileType = sourcecode.swift; path = ChangeNameViewController.swift; sourceTree = "<group>"; };
		EBFD21831DF9F31B000B1881 /* ChangePWDViewController.swift */ = {isa = PBXFileReference; fileEncoding = 4; lastKnownFileType = sourcecode.swift; path = ChangePWDViewController.swift; sourceTree = "<group>"; };
		EBFD21841DF9F31B000B1881 /* ChangeDOBViewController.swift */ = {isa = PBXFileReference; fileEncoding = 4; lastKnownFileType = sourcecode.swift; path = ChangeDOBViewController.swift; sourceTree = "<group>"; };
		EBFD21851DF9F31B000B1881 /* ChangeEmailViewController.swift */ = {isa = PBXFileReference; fileEncoding = 4; lastKnownFileType = sourcecode.swift; path = ChangeEmailViewController.swift; sourceTree = "<group>"; };
		EBFD218D1DF9F325000B1881 /* ChooseUserTypeViewController.swift */ = {isa = PBXFileReference; fileEncoding = 4; lastKnownFileType = sourcecode.swift; path = ChooseUserTypeViewController.swift; sourceTree = "<group>"; };
		EBFD218F1DF9F5A7000B1881 /* DoctorPromptListViewController.swift */ = {isa = PBXFileReference; fileEncoding = 4; lastKnownFileType = sourcecode.swift; path = DoctorPromptListViewController.swift; sourceTree = "<group>"; };
		EBFD21911DF9F70E000B1881 /* DocPromptTableViewCell.swift */ = {isa = PBXFileReference; fileEncoding = 4; lastKnownFileType = sourcecode.swift; path = DocPromptTableViewCell.swift; sourceTree = "<group>"; };
/* End PBXFileReference section */

/* Begin PBXFrameworksBuildPhase section */
		EB530B0A1DA812290069ED76 /* Frameworks */ = {
			isa = PBXFrameworksBuildPhase;
			buildActionMask = 2147483647;
			files = (
				A57280E3CB105EB12B20BBC2 /* Pods_Dr_Text.framework in Frameworks */,
			);
			runOnlyForDeploymentPostprocessing = 0;
		};
		EB530B211DA812290069ED76 /* Frameworks */ = {
			isa = PBXFrameworksBuildPhase;
			buildActionMask = 2147483647;
			files = (
			);
			runOnlyForDeploymentPostprocessing = 0;
		};
/* End PBXFrameworksBuildPhase section */

/* Begin PBXGroup section */
		65812E336815791CEE69EC0C /* Pods */ = {
			isa = PBXGroup;
			children = (
				1950DAFF531B54CB3E06164E /* Pods-Dr.Text.debug.xcconfig */,
				D3379F7C5FC7E6A34B0FC40D /* Pods-Dr.Text.release.xcconfig */,
			);
			name = Pods;
			sourceTree = "<group>";
		};
		C333E6686733BA0426B9573B /* Frameworks */ = {
			isa = PBXGroup;
			children = (
				2701728D1CBA4EAB20845D86 /* Pods_Dr_Text.framework */,
			);
			name = Frameworks;
			sourceTree = "<group>";
		};
		EB1874201DD9BE85004EC57B /* DataAccess */ = {
			isa = PBXGroup;
			children = (
				EB1874221DD9BEBA004EC57B /* MessageDA.swift */,
			);
			path = DataAccess;
			sourceTree = "<group>";
		};
		EB1874211DD9BE96004EC57B /* Entity */ = {
			isa = PBXGroup;
			children = (
				EB1874241DD9BF90004EC57B /* MessageEntity.swift */,
			);
			path = Entity;
			sourceTree = "<group>";
		};
		EB530B041DA812290069ED76 = {
			isa = PBXGroup;
			children = (
				EB530B0F1DA812290069ED76 /* Dr.Text */,
				EB530B271DA812290069ED76 /* Dr.TextTests */,
				EBD4731F1E12991100F0EA7D /* CWStatusBarNotification */,
				EB577D171DE72FDF005E82A7 /* IQAudioRecorderController */,
				EBB1E2DE1DCE099100854C93 /* Slide Animation */,
				EB9017E91DB9473500A0E17C /* ImageViewer */,
				EB530B0E1DA812290069ED76 /* Products */,
				65812E336815791CEE69EC0C /* Pods */,
				C333E6686733BA0426B9573B /* Frameworks */,
			);
			sourceTree = "<group>";
		};
		EB530B0E1DA812290069ED76 /* Products */ = {
			isa = PBXGroup;
			children = (
				EB530B0D1DA812290069ED76 /* Dr.Text.app */,
				EB530B241DA812290069ED76 /* Dr.TextTests.xctest */,
			);
			name = Products;
			sourceTree = "<group>";
		};
		EB530B0F1DA812290069ED76 /* Dr.Text */ = {
			isa = PBXGroup;
			children = (
				EB2A7F141DB7966800138988 /* Dr.Text.entitlements */,
				EB55341F1DAE684600C02F05 /* Helpers */,
				EB1874211DD9BE96004EC57B /* Entity */,
				EB1874201DD9BE85004EC57B /* DataAccess */,
				EBA751D11DEC6DAE00A9CCC7 /* Views */,
				EB55340F1DAE67A300C02F05 /* Models */,
				EBC06A301DB51A6000D4FCF2 /* TableViewCells */,
				EB5534121DAE67E100C02F05 /* ViewControllers */,
				EB530B101DA812290069ED76 /* AppDelegate.swift */,
				EB530B141DA812290069ED76 /* Main.storyboard */,
				EB530B1A1DA812290069ED76 /* Assets.xcassets */,
				EB530B1C1DA812290069ED76 /* LaunchScreen.storyboard */,
				EB530B171DA812290069ED76 /* Dr_Text.xcdatamodeld */,
				EB530B1F1DA812290069ED76 /* Info.plist */,
				EB20765A1DB15B790095F248 /* Phone.json */,
				EBC06A391DB5235900D4FCF2 /* Dr.Text-Bridging-Header.h */,
				EB4A03F61E2659B500498F65 /* States.json */,
			);
			path = Dr.Text;
			sourceTree = "<group>";
		};
		EB530B271DA812290069ED76 /* Dr.TextTests */ = {
			isa = PBXGroup;
			children = (
				EB530B281DA812290069ED76 /* Dr_TextTests.swift */,
				EB530B2A1DA812290069ED76 /* Info.plist */,
			);
			path = Dr.TextTests;
			sourceTree = "<group>";
		};
		EB55340F1DAE67A300C02F05 /* Models */ = {
			isa = PBXGroup;
			children = (
				EB5534101DAE67C800C02F05 /* User.swift */,
				EBC06A351DB51C9B00D4FCF2 /* Message.swift */,
				EBC06A371DB51F0200D4FCF2 /* Conversation.swift */,
				EB0429541DF0A2F9009F2B14 /* Doctor.swift */,
			);
			path = Models;
			sourceTree = "<group>";
		};
		EB5534121DAE67E100C02F05 /* ViewControllers */ = {
			isa = PBXGroup;
			children = (
				EB55342F1DAE864700C02F05 /* SignUp */,
				EBFD217E1DF9F228000B1881 /* UpdateAttribute */,
				EB3214F91E09A35600E1AEEC /* SplashViewController.swift */,
				EB8E25121DB2783500F634B1 /* TabBarViewController.swift */,
				EB2076581DB151F00095F248 /* BaseViewController.swift */,
				EB5534161DAE680300C02F05 /* IntroductionViewController.swift */,
				EB5534181DAE680300C02F05 /* LoginViewController.swift */,
				EB5534171DAE680300C02F05 /* DashboardViewController.swift */,
				EBC06A3D1DB523B100D4FCF2 /* ChatViewController.swift */,
				EB18742A1DDA2640004EC57B /* PatientInvitationViewController.swift */,
				EB18742C1DDA26C7004EC57B /* VerifyDoctorViewController.swift */,
				EB5B912A1DEEEACB0034330C /* DoctorsListViewController.swift */,
				EB960EE4169F5649005B70A1 /* PatientListViewController.swift */,
				EB8FCEB21DF98FD300EF715E /* DoctorProfileViewController.swift */,
				EBFD21741DF9DCE7000B1881 /* PatientProfileViewController.swift */,
				EBAEDA581DEF633200ED7B5F /* AlertViewController.swift */,
				EB48981E1E016592001CB014 /* paymentViewController.swift */,
				EBAEDA541DEF612900ED7B5F /* RequestNewPWDViewController.swift */,
				EB51916E1DFC555F00D78BF6 /* RecoveryCodeViewController.swift */,
				EBAEDA561DEF614000ED7B5F /* CreateNewPWDViewController.swift */,
				EB1998F71E005D830051BD6E /* SendChatMsgViewController.swift */,
			);
			path = ViewControllers;
			sourceTree = "<group>";
		};
		EB55341F1DAE684600C02F05 /* Helpers */ = {
			isa = PBXGroup;
			children = (
				EB5534201DAE685A00C02F05 /* Utils.swift */,
				EB9E12601E37D0450055C016 /* FileUtils.swift */,
				EB55343A1DAEBBD700C02F05 /* Constants.swift */,
				EB2076541DB0FA300095F248 /* enums.swift */,
				EBC06A2E1DB4F8CB00D4FCF2 /* CustomIdentityProvider.swift */,
				EB3BF9C91DE60FA5007EC4E4 /* DrTextJSQVideoMediaItem.swift */,
				EBBEBCF01E01B2F400DAADE8 /* DatePickerView.swift */,
				EB2F0BBE1E0315540096D485 /* DocTextApi.swift */,
				EB6E25CE1E1FB45000A870E8 /* GetLocation.swift */,
			);
			path = Helpers;
			sourceTree = "<group>";
		};
		EB55342F1DAE864700C02F05 /* SignUp */ = {
			isa = PBXGroup;
			children = (
				EBFD218D1DF9F325000B1881 /* ChooseUserTypeViewController.swift */,
				EB5534331DAE864700C02F05 /* SignUpViewController.swift */,
				EBF7629C1DEDC5BE00100959 /* SignupEmailPwdDobViewController.swift */,
				EB7011601DF82BE5001B97B8 /* DoctorPromptViewController.swift */,
				EB7011621DF82BFB001B97B8 /* DoctorOfficeViewController.swift */,
				EB7011641DF82C17001B97B8 /* DoctorEmailPWDViewController.swift */,
				EB5534311DAE864700C02F05 /* SignUpPhNoViewController.swift */,
				EB5534381DAE86EA00C02F05 /* ConfirmationViewController.swift */,
				EBFD218F1DF9F5A7000B1881 /* DoctorPromptListViewController.swift */,
				EB65A27C1E2FE3230059D6CE /* DoctorChargeViewController.swift */,
			);
			path = SignUp;
			sourceTree = "<group>";
		};
		EB577D171DE72FDF005E82A7 /* IQAudioRecorderController */ = {
			isa = PBXGroup;
			children = (
				EB577D181DE72FDF005E82A7 /* FDWaveformView */,
				EB577D1B1DE72FDF005E82A7 /* IQAudioCropperViewController.h */,
				EB577D1C1DE72FDF005E82A7 /* IQAudioCropperViewController.m */,
				EB577D1D1DE72FDF005E82A7 /* IQAudioRecorderConstraints.h */,
				EB577D1E1DE72FDF005E82A7 /* IQAudioRecorderConstraints.m */,
				EB577D1F1DE72FDF005E82A7 /* IQAudioRecorderViewController.h */,
				EB577D201DE72FDF005E82A7 /* IQAudioRecorderViewController.m */,
				EB577D211DE72FDF005E82A7 /* IQCropSelectionBeginView.h */,
				EB577D221DE72FDF005E82A7 /* IQCropSelectionBeginView.m */,
				EB577D231DE72FDF005E82A7 /* IQCropSelectionEndView.h */,
				EB577D241DE72FDF005E82A7 /* IQCropSelectionEndView.m */,
				EB577D251DE72FDF005E82A7 /* IQCropSelectionView.h */,
				EB577D261DE72FDF005E82A7 /* IQCropSelectionView.m */,
				EB577D271DE72FDF005E82A7 /* IQMessageDisplayView.h */,
				EB577D281DE72FDF005E82A7 /* IQMessageDisplayView.m */,
				EB577D291DE72FDF005E82A7 /* IQPlaybackDurationView.h */,
				EB577D2A1DE72FDF005E82A7 /* IQPlaybackDurationView.m */,
				EB577D2B1DE72FDF005E82A7 /* NSString+IQTimeIntervalFormatter.h */,
				EB577D2C1DE72FDF005E82A7 /* NSString+IQTimeIntervalFormatter.m */,
				EB577D2D1DE72FDF005E82A7 /* Resources */,
			);
			path = IQAudioRecorderController;
			sourceTree = "<group>";
		};
		EB577D181DE72FDF005E82A7 /* FDWaveformView */ = {
			isa = PBXGroup;
			children = (
				EB577D191DE72FDF005E82A7 /* IQ_FDWaveformView.h */,
				EB577D1A1DE72FDF005E82A7 /* IQ_FDWaveformView.m */,
			);
			path = FDWaveformView;
			sourceTree = "<group>";
		};
		EB577D2D1DE72FDF005E82A7 /* Resources */ = {
			isa = PBXGroup;
			children = (
				EB577D2E1DE72FDF005E82A7 /* audio_record.png */,
				EB577D2F1DE72FDF005E82A7 /* audio_record@2x.png */,
				EB577D301DE72FDF005E82A7 /* audio_record@3x.png */,
				EB577D311DE72FDF005E82A7 /* microphone_access.png */,
				EB577D321DE72FDF005E82A7 /* microphone_access@2x.png */,
				EB577D331DE72FDF005E82A7 /* microphone_access@3x.png */,
				EB577D341DE72FDF005E82A7 /* scissor.png */,
				EB577D351DE72FDF005E82A7 /* scissor@2x.png */,
				EB577D361DE72FDF005E82A7 /* scissor@3x.png */,
				EB577D371DE72FDF005E82A7 /* stop_playing.png */,
				EB577D381DE72FDF005E82A7 /* stop_playing@2x.png */,
				EB577D391DE72FDF005E82A7 /* stop_playing@3x.png */,
				EB577D3A1DE72FDF005E82A7 /* stop_recording.png */,
				EB577D3B1DE72FDF005E82A7 /* stop_recording@2x.png */,
				EB577D3C1DE72FDF005E82A7 /* stop_recording@3x.png */,
			);
			path = Resources;
			sourceTree = "<group>";
		};
		EB9017E91DB9473500A0E17C /* ImageViewer */ = {
			isa = PBXGroup;
			children = (
				EB9017EA1DB9473500A0E17C /* Source */,
			);
			path = ImageViewer;
			sourceTree = "<group>";
		};
		EB9017EA1DB9473500A0E17C /* Source */ = {
			isa = PBXGroup;
			children = (
				EB9017EB1DB9473500A0E17C /* BlurView.swift */,
				EB9017EC1DB9473500A0E17C /* Extensions */,
				EB9017FB1DB9473500A0E17C /* GalleryConfiguration.swift */,
				EB9017FC1DB9473500A0E17C /* GalleryDisplacedViewsDatasource.swift */,
				EB9017FD1DB9473500A0E17C /* GalleryItem.swift */,
				EB9017FE1DB9473500A0E17C /* GalleryItemsDatasource.swift */,
				EB9017FF1DB9473500A0E17C /* GalleryPagingDatasource.swift */,
				EB9018001DB9473500A0E17C /* GallerySwipeToDismissTransition.swift */,
				EB9018011DB9473500A0E17C /* GalleryViewController.swift */,
				EB9018021DB9473500A0E17C /* ImageFadeInHandler.swift */,
				EB9018031DB9473500A0E17C /* ImageViewController.swift */,
				EB9018041DB9473500A0E17C /* ItemBaseController.swift */,
				EB9018051DB9473500A0E17C /* ItemController.swift */,
				EB9018061DB9473500A0E17C /* ItemControllerDelegate.swift */,
				EB9018071DB9473500A0E17C /* LayoutEnums.swift */,
				EB9018081DB9473500A0E17C /* Slider.swift */,
				EB9018091DB9473500A0E17C /* Thumbnails Controller */,
				EB90180C1DB9473500A0E17C /* UtilityFunctions.swift */,
				EB90180D1DB9473500A0E17C /* VideoScrubber.swift */,
				EB90180E1DB9473500A0E17C /* VideoView.swift */,
				EB90180F1DB9473500A0E17C /* VideoViewController.swift */,
			);
			path = Source;
			sourceTree = "<group>";
		};
		EB9017EC1DB9473500A0E17C /* Extensions */ = {
			isa = PBXGroup;
			children = (
				EB9017ED1DB9473500A0E17C /* AVPlayer.swift */,
				EB9017EE1DB9473500A0E17C /* Bool.swift */,
				EB9017EF1DB9473500A0E17C /* CALayer.swift */,
				EB9017F01DB9473500A0E17C /* CAShapeLayer.swift */,
				EB9017F11DB9473500A0E17C /* CGPoint.swift */,
				EB9017F21DB9473500A0E17C /* CGRect.swift */,
				EB9017F31DB9473500A0E17C /* CGSize.swift */,
				EB9017F41DB9473500A0E17C /* UIApplication.swift */,
				EB9017F51DB9473500A0E17C /* UIBezierPath.swift */,
				EB9017F61DB9473500A0E17C /* UIButton.swift */,
				EB9017F71DB9473500A0E17C /* UIImageView.swift */,
				EB9017F81DB9473500A0E17C /* UISlider.swift */,
				EB9017F91DB9473500A0E17C /* UIView.swift */,
				EB9017FA1DB9473500A0E17C /* UIViewController.swift */,
			);
			path = Extensions;
			sourceTree = "<group>";
		};
		EB9018091DB9473500A0E17C /* Thumbnails Controller */ = {
			isa = PBXGroup;
			children = (
				EB90180A1DB9473500A0E17C /* ThumbnailCell.swift */,
				EB90180B1DB9473500A0E17C /* ThumbnailsViewController.swift */,
			);
			path = "Thumbnails Controller";
			sourceTree = "<group>";
		};
		EBA751D11DEC6DAE00A9CCC7 /* Views */ = {
			isa = PBXGroup;
			children = (
				EBA751D61DEC6E1800A9CCC7 /* CustomTextFieldView.swift */,
				EBA751D41DEC6E0200A9CCC7 /* CustomTextFieldView.xib */,
				EBA751CD1DEC4F4F00A9CCC7 /* IntroScreenViewController.swift */,
				EBA751CE1DEC4F4F00A9CCC7 /* IntroScreenViewController.xib */,
			);
			path = Views;
			sourceTree = "<group>";
		};
		EBB1E2DE1DCE099100854C93 /* Slide Animation */ = {
			isa = PBXGroup;
			children = (
				EBB1E2DF1DCE099100854C93 /* Animations */,
				EBB1E2EB1DCE099100854C93 /* Assets */,
				EBB1E2EE1DCE099100854C93 /* SlideNavigationController.h */,
				EBB1E2EF1DCE099100854C93 /* SlideNavigationController.m */,
			);
			name = "Slide Animation";
			path = Source;
			sourceTree = "<group>";
		};
		EBB1E2DF1DCE099100854C93 /* Animations */ = {
			isa = PBXGroup;
			children = (
				EBB1E2E01DCE099100854C93 /* SlideNavigationContorllerAnimator.h */,
				EBB1E2E11DCE099100854C93 /* SlideNavigationContorllerAnimatorFade.h */,
				EBB1E2E21DCE099100854C93 /* SlideNavigationContorllerAnimatorFade.m */,
				EBB1E2E31DCE099100854C93 /* SlideNavigationContorllerAnimatorScale.h */,
				EBB1E2E41DCE099100854C93 /* SlideNavigationContorllerAnimatorScale.m */,
				EBB1E2E51DCE099100854C93 /* SlideNavigationContorllerAnimatorScaleAndFade.h */,
				EBB1E2E61DCE099100854C93 /* SlideNavigationContorllerAnimatorScaleAndFade.m */,
				EBB1E2E71DCE099100854C93 /* SlideNavigationContorllerAnimatorSlide.h */,
				EBB1E2E81DCE099100854C93 /* SlideNavigationContorllerAnimatorSlide.m */,
				EBB1E2E91DCE099100854C93 /* SlideNavigationContorllerAnimatorSlideAndFade.h */,
				EBB1E2EA1DCE099100854C93 /* SlideNavigationContorllerAnimatorSlideAndFade.m */,
			);
			path = Animations;
			sourceTree = "<group>";
		};
		EBB1E2EB1DCE099100854C93 /* Assets */ = {
			isa = PBXGroup;
			children = (
				EBB1E2EC1DCE099100854C93 /* menu-button.png */,
				EBB1E2ED1DCE099100854C93 /* menu-button@2x.png */,
			);
			path = Assets;
			sourceTree = "<group>";
		};
		EBC06A301DB51A6000D4FCF2 /* TableViewCells */ = {
			isa = PBXGroup;
			children = (
				EBC06A311DB51A8600D4FCF2 /* DashboardTableViewCell.swift */,
				EBB1E2FA1DCE1A8A00854C93 /* LeftMenuTableViewCell.swift */,
				EB0AA61F1DF05CBB008381F5 /* DoctorTableViewCell.swift */,
				EBFD21911DF9F70E000B1881 /* DocPromptTableViewCell.swift */,
				EB960EE2169F54BD005B70A1 /* PatientTableViewCell.swift */,
			);
			path = TableViewCells;
			sourceTree = "<group>";
		};
		EBD4731F1E12991100F0EA7D /* CWStatusBarNotification */ = {
			isa = PBXGroup;
			children = (
				EBD473201E12991100F0EA7D /* CWStatusBarNotification.h */,
				EBD473211E12991100F0EA7D /* CWStatusBarNotification.m */,
			);
			path = CWStatusBarNotification;
			sourceTree = "<group>";
		};
		EBFD217E1DF9F228000B1881 /* UpdateAttribute */ = {
			isa = PBXGroup;
			children = (
				EBFD21811DF9F31B000B1881 /* ChangeDocTypeViewController.swift */,
				EBFD217F1DF9F31B000B1881 /* ChangeDocAddrViewController.swift */,
				EBFD21801DF9F31B000B1881 /* ChangeDocTitleViewController.swift */,
				EBFD21821DF9F31B000B1881 /* ChangeNameViewController.swift */,
				EBFD21831DF9F31B000B1881 /* ChangePWDViewController.swift */,
				EBFD21841DF9F31B000B1881 /* ChangeDOBViewController.swift */,
				EBFD21851DF9F31B000B1881 /* ChangeEmailViewController.swift */,
			);
			path = UpdateAttribute;
			sourceTree = "<group>";
		};
/* End PBXGroup section */

/* Begin PBXNativeTarget section */
		EB530B0C1DA812290069ED76 /* Dr.Text */ = {
			isa = PBXNativeTarget;
			buildConfigurationList = EB530B2D1DA812290069ED76 /* Build configuration list for PBXNativeTarget "Dr.Text" */;
			buildPhases = (
				344C06622227E104A9E56F3A /* [CP] Check Pods Manifest.lock */,
				EB530B091DA812290069ED76 /* Sources */,
				EB530B0A1DA812290069ED76 /* Frameworks */,
				EB530B0B1DA812290069ED76 /* Resources */,
				782D730CC4F6AE691B558990 /* [CP] Embed Pods Frameworks */,
				2B3601ED3CE85C6C0BCF71E6 /* [CP] Copy Pods Resources */,
			);
			buildRules = (
			);
			dependencies = (
			);
			name = Dr.Text;
			productName = Dr.Text;
			productReference = EB530B0D1DA812290069ED76 /* Dr.Text.app */;
			productType = "com.apple.product-type.application";
		};
		EB530B231DA812290069ED76 /* Dr.TextTests */ = {
			isa = PBXNativeTarget;
			buildConfigurationList = EB530B301DA812290069ED76 /* Build configuration list for PBXNativeTarget "Dr.TextTests" */;
			buildPhases = (
				EB530B201DA812290069ED76 /* Sources */,
				EB530B211DA812290069ED76 /* Frameworks */,
				EB530B221DA812290069ED76 /* Resources */,
			);
			buildRules = (
			);
			dependencies = (
				EB530B261DA812290069ED76 /* PBXTargetDependency */,
			);
			name = Dr.TextTests;
			productName = Dr.TextTests;
			productReference = EB530B241DA812290069ED76 /* Dr.TextTests.xctest */;
			productType = "com.apple.product-type.bundle.unit-test";
		};
/* End PBXNativeTarget section */

/* Begin PBXProject section */
		EB530B051DA812290069ED76 /* Project object */ = {
			isa = PBXProject;
			attributes = {
				LastSwiftUpdateCheck = 0800;
				LastUpgradeCheck = 0800;
				ORGANIZATIONNAME = SoftSuave;
				TargetAttributes = {
					EB530B0C1DA812290069ED76 = {
						CreatedOnToolsVersion = 8.0;
						DevelopmentTeam = V47SCGS4AV;
						LastSwiftMigration = 0820;
						ProvisioningStyle = Automatic;
						SystemCapabilities = {
							com.apple.BackgroundModes = {
								enabled = 1;
							};
							com.apple.Push = {
								enabled = 1;
							};
						};
					};
					EB530B231DA812290069ED76 = {
						CreatedOnToolsVersion = 8.0;
						DevelopmentTeam = V47SCGS4AV;
						LastSwiftMigration = 0820;
						ProvisioningStyle = Automatic;
						TestTargetID = EB530B0C1DA812290069ED76;
					};
				};
			};
			buildConfigurationList = EB530B081DA812290069ED76 /* Build configuration list for PBXProject "Dr.Text" */;
			compatibilityVersion = "Xcode 3.2";
			developmentRegion = English;
			hasScannedForEncodings = 0;
			knownRegions = (
				en,
				Base,
			);
			mainGroup = EB530B041DA812290069ED76;
			productRefGroup = EB530B0E1DA812290069ED76 /* Products */;
			projectDirPath = "";
			projectRoot = "";
			targets = (
				EB530B0C1DA812290069ED76 /* Dr.Text */,
				EB530B231DA812290069ED76 /* Dr.TextTests */,
			);
		};
/* End PBXProject section */

/* Begin PBXResourcesBuildPhase section */
		EB530B0B1DA812290069ED76 /* Resources */ = {
			isa = PBXResourcesBuildPhase;
			buildActionMask = 2147483647;
			files = (
				EB20765B1DB15B790095F248 /* Phone.json in Resources */,
				EB577D511DE72FDF005E82A7 /* stop_playing@2x.png in Resources */,
				EB577D4A1DE72FDF005E82A7 /* microphone_access.png in Resources */,
				EB577D481DE72FDF005E82A7 /* audio_record@2x.png in Resources */,
				EB577D551DE72FDF005E82A7 /* stop_recording@3x.png in Resources */,
				EB577D4D1DE72FDF005E82A7 /* scissor.png in Resources */,
				EB530B1E1DA812290069ED76 /* LaunchScreen.storyboard in Resources */,
				EB530B1B1DA812290069ED76 /* Assets.xcassets in Resources */,
				EB577D491DE72FDF005E82A7 /* audio_record@3x.png in Resources */,
				EB577D4B1DE72FDF005E82A7 /* microphone_access@2x.png in Resources */,
				EB577D521DE72FDF005E82A7 /* stop_playing@3x.png in Resources */,
				EB577D541DE72FDF005E82A7 /* stop_recording@2x.png in Resources */,
				EB577D4C1DE72FDF005E82A7 /* microphone_access@3x.png in Resources */,
				EB577D531DE72FDF005E82A7 /* stop_recording.png in Resources */,
				EB577D471DE72FDF005E82A7 /* audio_record.png in Resources */,
				EBA751D01DEC4F4F00A9CCC7 /* IntroScreenViewController.xib in Resources */,
				EB577D4E1DE72FDF005E82A7 /* scissor@2x.png in Resources */,
				EBA751D51DEC6E0200A9CCC7 /* CustomTextFieldView.xib in Resources */,
				EB530B161DA812290069ED76 /* Main.storyboard in Resources */,
				EBB1E2F61DCE099100854C93 /* menu-button@2x.png in Resources */,
				EB577D501DE72FDF005E82A7 /* stop_playing.png in Resources */,
				EBB1E2F51DCE099100854C93 /* menu-button.png in Resources */,
				EB577D4F1DE72FDF005E82A7 /* scissor@3x.png in Resources */,
				EB4A03F71E2659B500498F65 /* States.json in Resources */,
			);
			runOnlyForDeploymentPostprocessing = 0;
		};
		EB530B221DA812290069ED76 /* Resources */ = {
			isa = PBXResourcesBuildPhase;
			buildActionMask = 2147483647;
			files = (
			);
			runOnlyForDeploymentPostprocessing = 0;
		};
/* End PBXResourcesBuildPhase section */

/* Begin PBXShellScriptBuildPhase section */
		2B3601ED3CE85C6C0BCF71E6 /* [CP] Copy Pods Resources */ = {
			isa = PBXShellScriptBuildPhase;
			buildActionMask = 2147483647;
			files = (
			);
			inputPaths = (
			);
			name = "[CP] Copy Pods Resources";
			outputPaths = (
			);
			runOnlyForDeploymentPostprocessing = 0;
			shellPath = /bin/sh;
			shellScript = "\"${SRCROOT}/Pods/Target Support Files/Pods-Dr.Text/Pods-Dr.Text-resources.sh\"\n";
			showEnvVarsInLog = 0;
		};
		344C06622227E104A9E56F3A /* [CP] Check Pods Manifest.lock */ = {
			isa = PBXShellScriptBuildPhase;
			buildActionMask = 2147483647;
			files = (
			);
			inputPaths = (
			);
			name = "[CP] Check Pods Manifest.lock";
			outputPaths = (
			);
			runOnlyForDeploymentPostprocessing = 0;
			shellPath = /bin/sh;
			shellScript = "diff \"${PODS_ROOT}/../Podfile.lock\" \"${PODS_ROOT}/Manifest.lock\" > /dev/null\nif [[ $? != 0 ]] ; then\n    cat << EOM\nerror: The sandbox is not in sync with the Podfile.lock. Run 'pod install' or update your CocoaPods installation.\nEOM\n    exit 1\nfi\n";
			showEnvVarsInLog = 0;
		};
		782D730CC4F6AE691B558990 /* [CP] Embed Pods Frameworks */ = {
			isa = PBXShellScriptBuildPhase;
			buildActionMask = 2147483647;
			files = (
			);
			inputPaths = (
			);
			name = "[CP] Embed Pods Frameworks";
			outputPaths = (
			);
			runOnlyForDeploymentPostprocessing = 0;
			shellPath = /bin/sh;
			shellScript = "\"${SRCROOT}/Pods/Target Support Files/Pods-Dr.Text/Pods-Dr.Text-frameworks.sh\"\n";
			showEnvVarsInLog = 0;
		};
/* End PBXShellScriptBuildPhase section */

/* Begin PBXSourcesBuildPhase section */
		EB530B091DA812290069ED76 /* Sources */ = {
			isa = PBXSourcesBuildPhase;
			buildActionMask = 2147483647;
			files = (
				EBF7629D1DEDC5BE00100959 /* SignupEmailPwdDobViewController.swift in Sources */,
				EB577D441DE72FDF005E82A7 /* IQMessageDisplayView.m in Sources */,
				EB960EE5169F5649005B70A1 /* PatientListViewController.swift in Sources */,
				EB9E12611E37D0450055C016 /* FileUtils.swift in Sources */,
				EB7011651DF82C17001B97B8 /* DoctorEmailPWDViewController.swift in Sources */,
				EB960EE3169F54BD005B70A1 /* PatientTableViewCell.swift in Sources */,
				EB8E25131DB2783500F634B1 /* TabBarViewController.swift in Sources */,
				EB2F0BBF1E0315540096D485 /* DocTextApi.swift in Sources */,
				EB51916F1DFC555F00D78BF6 /* RecoveryCodeViewController.swift in Sources */,
				EB577D431DE72FDF005E82A7 /* IQCropSelectionView.m in Sources */,
				EB2076551DB0FA300095F248 /* enums.swift in Sources */,
				EB9018201DB9473500A0E17C /* UIViewController.swift in Sources */,
				EBB1E2F71DCE099100854C93 /* SlideNavigationController.m in Sources */,
				EBFD218A1DF9F31B000B1881 /* ChangePWDViewController.swift in Sources */,
				EB9018321DB9473500A0E17C /* VideoScrubber.swift in Sources */,
				EBFD218E1DF9F325000B1881 /* ChooseUserTypeViewController.swift in Sources */,
				EB55341C1DAE680300C02F05 /* IntroductionViewController.swift in Sources */,
				EB90181C1DB9473500A0E17C /* UIButton.swift in Sources */,
				EB577D421DE72FDF005E82A7 /* IQCropSelectionEndView.m in Sources */,
				EB0AA6201DF05CBB008381F5 /* DoctorTableViewCell.swift in Sources */,
				EB90182C1DB9473500A0E17C /* ItemControllerDelegate.swift in Sources */,
				EBAEDA591DEF633200ED7B5F /* AlertViewController.swift in Sources */,
				EBC06A2F1DB4F8CB00D4FCF2 /* CustomIdentityProvider.swift in Sources */,
				EBB1E2F41DCE099100854C93 /* SlideNavigationContorllerAnimatorSlideAndFade.m in Sources */,
				EB577D3D1DE72FDF005E82A7 /* IQ_FDWaveformView.m in Sources */,
				EBFD21861DF9F31B000B1881 /* ChangeDocAddrViewController.swift in Sources */,
				EBBEBCF11E01B2F400DAADE8 /* DatePickerView.swift in Sources */,
				EB55341D1DAE680300C02F05 /* DashboardViewController.swift in Sources */,
				EB48981F1E016592001CB014 /* paymentViewController.swift in Sources */,
				EB530B191DA812290069ED76 /* Dr_Text.xcdatamodeld in Sources */,
				EB3BF9CA1DE60FA5007EC4E4 /* DrTextJSQVideoMediaItem.swift in Sources */,
				EB1874231DD9BEBA004EC57B /* MessageDA.swift in Sources */,
				EB9018131DB9473500A0E17C /* AVPlayer.swift in Sources */,
				EB9018161DB9473500A0E17C /* CAShapeLayer.swift in Sources */,
				EBC06A321DB51A8600D4FCF2 /* DashboardTableViewCell.swift in Sources */,
				EB90182A1DB9473500A0E17C /* ItemBaseController.swift in Sources */,
				EB577D461DE72FDF005E82A7 /* NSString+IQTimeIntervalFormatter.m in Sources */,
				EB9018231DB9473500A0E17C /* GalleryItem.swift in Sources */,
				EBFD21751DF9DCE7000B1881 /* PatientProfileViewController.swift in Sources */,
				EB90182E1DB9473500A0E17C /* Slider.swift in Sources */,
				EB90181F1DB9473500A0E17C /* UIView.swift in Sources */,
				EBC06A361DB51C9B00D4FCF2 /* Message.swift in Sources */,
				EB9018151DB9473500A0E17C /* CALayer.swift in Sources */,
				EBA751D71DEC6E1800A9CCC7 /* CustomTextFieldView.swift in Sources */,
				EBC06A381DB51F0200D4FCF2 /* Conversation.swift in Sources */,
				EBFD218B1DF9F31B000B1881 /* ChangeDOBViewController.swift in Sources */,
				EB577D3E1DE72FDF005E82A7 /* IQAudioCropperViewController.m in Sources */,
				EB65A27D1E2FE3230059D6CE /* DoctorChargeViewController.swift in Sources */,
				EB9018191DB9473500A0E17C /* CGSize.swift in Sources */,
				EB90181B1DB9473500A0E17C /* UIBezierPath.swift in Sources */,
				EBB1E2FB1DCE1A8A00854C93 /* LeftMenuTableViewCell.swift in Sources */,
				EBFD218C1DF9F31B000B1881 /* ChangeEmailViewController.swift in Sources */,
				EB9018211DB9473500A0E17C /* GalleryConfiguration.swift in Sources */,
				EB0429551DF0A2F9009F2B14 /* Doctor.swift in Sources */,
				EB577D3F1DE72FDF005E82A7 /* IQAudioRecorderConstraints.m in Sources */,
				EB90182D1DB9473500A0E17C /* LayoutEnums.swift in Sources */,
				EBC06A3E1DB523B100D4FCF2 /* ChatViewController.swift in Sources */,
				EBAEDA551DEF612900ED7B5F /* RequestNewPWDViewController.swift in Sources */,
				EB5534211DAE685A00C02F05 /* Utils.swift in Sources */,
				EB5B912B1DEEEACB0034330C /* DoctorsListViewController.swift in Sources */,
				EB530B111DA812290069ED76 /* AppDelegate.swift in Sources */,
				EB3214FA1E09A35700E1AEEC /* SplashViewController.swift in Sources */,
				EB6E25CF1E1FB45000A870E8 /* GetLocation.swift in Sources */,
				EB9018311DB9473500A0E17C /* UtilityFunctions.swift in Sources */,
				EB8FCEB31DF98FD300EF715E /* DoctorProfileViewController.swift in Sources */,
				EB9018251DB9473500A0E17C /* GalleryPagingDatasource.swift in Sources */,
				EB5534391DAE86EA00C02F05 /* ConfirmationViewController.swift in Sources */,
				EBA751CF1DEC4F4F00A9CCC7 /* IntroScreenViewController.swift in Sources */,
				EBFD21881DF9F31B000B1881 /* ChangeDocTypeViewController.swift in Sources */,
				EB9018331DB9473500A0E17C /* VideoView.swift in Sources */,
				EBB1E2F31DCE099100854C93 /* SlideNavigationContorllerAnimatorSlide.m in Sources */,
				EBFD21901DF9F5A7000B1881 /* DoctorPromptListViewController.swift in Sources */,
				EB577D401DE72FDF005E82A7 /* IQAudioRecorderViewController.m in Sources */,
				EB90181A1DB9473500A0E17C /* UIApplication.swift in Sources */,
				EB55343B1DAEBBD700C02F05 /* Constants.swift in Sources */,
				EBB1E2F21DCE099100854C93 /* SlideNavigationContorllerAnimatorScaleAndFade.m in Sources */,
				EB9018121DB9473500A0E17C /* BlurView.swift in Sources */,
				EB1998F81E005D830051BD6E /* SendChatMsgViewController.swift in Sources */,
				EB9018141DB9473500A0E17C /* Bool.swift in Sources */,
				EBD473221E12991100F0EA7D /* CWStatusBarNotification.m in Sources */,
				EBB1E2F01DCE099100854C93 /* SlideNavigationContorllerAnimatorFade.m in Sources */,
				EB9018241DB9473500A0E17C /* GalleryItemsDatasource.swift in Sources */,
				EBFD21921DF9F70E000B1881 /* DocPromptTableViewCell.swift in Sources */,
				EB5534371DAE864700C02F05 /* SignUpViewController.swift in Sources */,
				EB9018301DB9473500A0E17C /* ThumbnailsViewController.swift in Sources */,
				EB9018281DB9473500A0E17C /* ImageFadeInHandler.swift in Sources */,
				EB18742B1DDA2640004EC57B /* PatientInvitationViewController.swift in Sources */,
				EB90182F1DB9473500A0E17C /* ThumbnailCell.swift in Sources */,
				EB1874251DD9BF90004EC57B /* MessageEntity.swift in Sources */,
				EB9018171DB9473500A0E17C /* CGPoint.swift in Sources */,
				EB5534111DAE67C800C02F05 /* User.swift in Sources */,
				EBFD21871DF9F31B000B1881 /* ChangeDocTitleViewController.swift in Sources */,
				EB90181D1DB9473500A0E17C /* UIImageView.swift in Sources */,
				EB55341E1DAE680300C02F05 /* LoginViewController.swift in Sources */,
				EB9018291DB9473500A0E17C /* ImageViewController.swift in Sources */,
				EB18742D1DDA26C7004EC57B /* VerifyDoctorViewController.swift in Sources */,
				EB2076591DB151F00095F248 /* BaseViewController.swift in Sources */,
				EB577D451DE72FDF005E82A7 /* IQPlaybackDurationView.m in Sources */,
				EBB1E2F11DCE099100854C93 /* SlideNavigationContorllerAnimatorScale.m in Sources */,
				EB9018271DB9473500A0E17C /* GalleryViewController.swift in Sources */,
				EB5534351DAE864700C02F05 /* SignUpPhNoViewController.swift in Sources */,
				EB9018341DB9473500A0E17C /* VideoViewController.swift in Sources */,
				EB9018261DB9473500A0E17C /* GallerySwipeToDismissTransition.swift in Sources */,
				EB90181E1DB9473500A0E17C /* UISlider.swift in Sources */,
				EB7011631DF82BFB001B97B8 /* DoctorOfficeViewController.swift in Sources */,
				EB9018221DB9473500A0E17C /* GalleryDisplacedViewsDatasource.swift in Sources */,
				EB577D411DE72FDF005E82A7 /* IQCropSelectionBeginView.m in Sources */,
				EB90182B1DB9473500A0E17C /* ItemController.swift in Sources */,
				EB9018181DB9473500A0E17C /* CGRect.swift in Sources */,
				EBFD21891DF9F31B000B1881 /* ChangeNameViewController.swift in Sources */,
				EB7011611DF82BE5001B97B8 /* DoctorPromptViewController.swift in Sources */,
				EBAEDA571DEF614000ED7B5F /* CreateNewPWDViewController.swift in Sources */,
			);
			runOnlyForDeploymentPostprocessing = 0;
		};
		EB530B201DA812290069ED76 /* Sources */ = {
			isa = PBXSourcesBuildPhase;
			buildActionMask = 2147483647;
			files = (
				EB530B291DA812290069ED76 /* Dr_TextTests.swift in Sources */,
			);
			runOnlyForDeploymentPostprocessing = 0;
		};
/* End PBXSourcesBuildPhase section */

/* Begin PBXTargetDependency section */
		EB530B261DA812290069ED76 /* PBXTargetDependency */ = {
			isa = PBXTargetDependency;
			target = EB530B0C1DA812290069ED76 /* Dr.Text */;
			targetProxy = EB530B251DA812290069ED76 /* PBXContainerItemProxy */;
		};
/* End PBXTargetDependency section */

/* Begin PBXVariantGroup section */
		EB530B141DA812290069ED76 /* Main.storyboard */ = {
			isa = PBXVariantGroup;
			children = (
				EB530B151DA812290069ED76 /* Base */,
			);
			name = Main.storyboard;
			sourceTree = "<group>";
		};
		EB530B1C1DA812290069ED76 /* LaunchScreen.storyboard */ = {
			isa = PBXVariantGroup;
			children = (
				EB530B1D1DA812290069ED76 /* Base */,
			);
			name = LaunchScreen.storyboard;
			sourceTree = "<group>";
		};
/* End PBXVariantGroup section */

/* Begin XCBuildConfiguration section */
		EB530B2B1DA812290069ED76 /* Debug */ = {
			isa = XCBuildConfiguration;
			buildSettings = {
				ALWAYS_SEARCH_USER_PATHS = NO;
				CLANG_ANALYZER_NONNULL = YES;
				CLANG_CXX_LANGUAGE_STANDARD = "gnu++0x";
				CLANG_CXX_LIBRARY = "libc++";
				CLANG_ENABLE_MODULES = YES;
				CLANG_ENABLE_OBJC_ARC = YES;
				CLANG_WARN_BOOL_CONVERSION = YES;
				CLANG_WARN_CONSTANT_CONVERSION = YES;
				CLANG_WARN_DIRECT_OBJC_ISA_USAGE = YES_ERROR;
				CLANG_WARN_DOCUMENTATION_COMMENTS = YES;
				CLANG_WARN_EMPTY_BODY = YES;
				CLANG_WARN_ENUM_CONVERSION = YES;
				CLANG_WARN_INFINITE_RECURSION = YES;
				CLANG_WARN_INT_CONVERSION = YES;
				CLANG_WARN_OBJC_ROOT_CLASS = YES_ERROR;
				CLANG_WARN_SUSPICIOUS_MOVES = YES;
				CLANG_WARN_UNREACHABLE_CODE = YES;
				CLANG_WARN__DUPLICATE_METHOD_MATCH = YES;
				"CODE_SIGN_IDENTITY[sdk=iphoneos*]" = "iPhone Developer";
				COPY_PHASE_STRIP = NO;
				DEBUG_INFORMATION_FORMAT = dwarf;
				ENABLE_STRICT_OBJC_MSGSEND = YES;
				ENABLE_TESTABILITY = YES;
				GCC_C_LANGUAGE_STANDARD = gnu99;
				GCC_DYNAMIC_NO_PIC = NO;
				GCC_NO_COMMON_BLOCKS = YES;
				GCC_OPTIMIZATION_LEVEL = 0;
				GCC_PREPROCESSOR_DEFINITIONS = (
					"DEBUG=1",
					"$(inherited)",
				);
				GCC_WARN_64_TO_32_BIT_CONVERSION = YES;
				GCC_WARN_ABOUT_RETURN_TYPE = YES_ERROR;
				GCC_WARN_UNDECLARED_SELECTOR = YES;
				GCC_WARN_UNINITIALIZED_AUTOS = YES_AGGRESSIVE;
				GCC_WARN_UNUSED_FUNCTION = YES;
				GCC_WARN_UNUSED_VARIABLE = YES;
				IPHONEOS_DEPLOYMENT_TARGET = 10.0;
				MTL_ENABLE_DEBUG_INFO = YES;
				ONLY_ACTIVE_ARCH = YES;
				SDKROOT = iphoneos;
				SWIFT_ACTIVE_COMPILATION_CONDITIONS = DEBUG;
				SWIFT_OPTIMIZATION_LEVEL = "-Onone";
				TARGETED_DEVICE_FAMILY = "1,2";
			};
			name = Debug;
		};
		EB530B2C1DA812290069ED76 /* Release */ = {
			isa = XCBuildConfiguration;
			buildSettings = {
				ALWAYS_SEARCH_USER_PATHS = NO;
				CLANG_ANALYZER_NONNULL = YES;
				CLANG_CXX_LANGUAGE_STANDARD = "gnu++0x";
				CLANG_CXX_LIBRARY = "libc++";
				CLANG_ENABLE_MODULES = YES;
				CLANG_ENABLE_OBJC_ARC = YES;
				CLANG_WARN_BOOL_CONVERSION = YES;
				CLANG_WARN_CONSTANT_CONVERSION = YES;
				CLANG_WARN_DIRECT_OBJC_ISA_USAGE = YES_ERROR;
				CLANG_WARN_DOCUMENTATION_COMMENTS = YES;
				CLANG_WARN_EMPTY_BODY = YES;
				CLANG_WARN_ENUM_CONVERSION = YES;
				CLANG_WARN_INFINITE_RECURSION = YES;
				CLANG_WARN_INT_CONVERSION = YES;
				CLANG_WARN_OBJC_ROOT_CLASS = YES_ERROR;
				CLANG_WARN_SUSPICIOUS_MOVES = YES;
				CLANG_WARN_UNREACHABLE_CODE = YES;
				CLANG_WARN__DUPLICATE_METHOD_MATCH = YES;
				"CODE_SIGN_IDENTITY[sdk=iphoneos*]" = "iPhone Developer";
				COPY_PHASE_STRIP = NO;
				DEBUG_INFORMATION_FORMAT = "dwarf-with-dsym";
				ENABLE_NS_ASSERTIONS = NO;
				ENABLE_STRICT_OBJC_MSGSEND = YES;
				GCC_C_LANGUAGE_STANDARD = gnu99;
				GCC_NO_COMMON_BLOCKS = YES;
				GCC_WARN_64_TO_32_BIT_CONVERSION = YES;
				GCC_WARN_ABOUT_RETURN_TYPE = YES_ERROR;
				GCC_WARN_UNDECLARED_SELECTOR = YES;
				GCC_WARN_UNINITIALIZED_AUTOS = YES_AGGRESSIVE;
				GCC_WARN_UNUSED_FUNCTION = YES;
				GCC_WARN_UNUSED_VARIABLE = YES;
				IPHONEOS_DEPLOYMENT_TARGET = 10.0;
				MTL_ENABLE_DEBUG_INFO = NO;
				SDKROOT = iphoneos;
				SWIFT_OPTIMIZATION_LEVEL = "-Owholemodule";
				TARGETED_DEVICE_FAMILY = "1,2";
				VALIDATE_PRODUCT = YES;
			};
			name = Release;
		};
		EB530B2E1DA812290069ED76 /* Debug */ = {
			isa = XCBuildConfiguration;
			baseConfigurationReference = 1950DAFF531B54CB3E06164E /* Pods-Dr.Text.debug.xcconfig */;
			buildSettings = {
				ASSETCATALOG_COMPILER_APPICON_NAME = AppIcon;
				CLANG_ENABLE_MODULES = YES;
				CODE_SIGN_ENTITLEMENTS = Dr.Text/Dr.Text.entitlements;
				"CODE_SIGN_IDENTITY[sdk=iphoneos*]" = "iPhone Developer";
				DEVELOPMENT_TEAM = V47SCGS4AV;
				INFOPLIST_FILE = Dr.Text/Info.plist;
				IPHONEOS_DEPLOYMENT_TARGET = 9.0;
				LD_RUNPATH_SEARCH_PATHS = "$(inherited) @executable_path/Frameworks";
				PRODUCT_BUNDLE_IDENTIFIER = "com.softsuave.Dr-Text";
				PRODUCT_NAME = "$(TARGET_NAME)";
				SWIFT_OBJC_BRIDGING_HEADER = "Dr.Text/Dr.Text-Bridging-Header.h";
				SWIFT_OPTIMIZATION_LEVEL = "-Onone";
				SWIFT_VERSION = 3.0;
				TARGETED_DEVICE_FAMILY = 1;
			};
			name = Debug;
		};
		EB530B2F1DA812290069ED76 /* Release */ = {
			isa = XCBuildConfiguration;
			baseConfigurationReference = D3379F7C5FC7E6A34B0FC40D /* Pods-Dr.Text.release.xcconfig */;
			buildSettings = {
				ASSETCATALOG_COMPILER_APPICON_NAME = AppIcon;
				CLANG_ENABLE_MODULES = YES;
				CODE_SIGN_ENTITLEMENTS = Dr.Text/Dr.Text.entitlements;
				"CODE_SIGN_IDENTITY[sdk=iphoneos*]" = "iPhone Developer";
				DEVELOPMENT_TEAM = V47SCGS4AV;
				INFOPLIST_FILE = Dr.Text/Info.plist;
				IPHONEOS_DEPLOYMENT_TARGET = 9.0;
				LD_RUNPATH_SEARCH_PATHS = "$(inherited) @executable_path/Frameworks";
				PRODUCT_BUNDLE_IDENTIFIER = "com.softsuave.Dr-Text";
				PRODUCT_NAME = "$(TARGET_NAME)";
				SWIFT_OBJC_BRIDGING_HEADER = "Dr.Text/Dr.Text-Bridging-Header.h";
				SWIFT_VERSION = 3.0;
				TARGETED_DEVICE_FAMILY = 1;
			};
			name = Release;
		};
		EB530B311DA812290069ED76 /* Debug */ = {
			isa = XCBuildConfiguration;
			buildSettings = {
				ALWAYS_EMBED_SWIFT_STANDARD_LIBRARIES = YES;
				BUNDLE_LOADER = "$(TEST_HOST)";
				DEVELOPMENT_TEAM = V47SCGS4AV;
				INFOPLIST_FILE = Dr.TextTests/Info.plist;
				LD_RUNPATH_SEARCH_PATHS = "$(inherited) @executable_path/Frameworks @loader_path/Frameworks";
				PRODUCT_BUNDLE_IDENTIFIER = "com.softsuave.Dr-TextTests";
				PRODUCT_NAME = "$(TARGET_NAME)";
				SWIFT_VERSION = 3.0;
				TEST_HOST = "$(BUILT_PRODUCTS_DIR)/Dr.Text.app/Dr.Text";
			};
			name = Debug;
		};
		EB530B321DA812290069ED76 /* Release */ = {
			isa = XCBuildConfiguration;
			buildSettings = {
				ALWAYS_EMBED_SWIFT_STANDARD_LIBRARIES = YES;
				BUNDLE_LOADER = "$(TEST_HOST)";
				DEVELOPMENT_TEAM = V47SCGS4AV;
				INFOPLIST_FILE = Dr.TextTests/Info.plist;
				LD_RUNPATH_SEARCH_PATHS = "$(inherited) @executable_path/Frameworks @loader_path/Frameworks";
				PRODUCT_BUNDLE_IDENTIFIER = "com.softsuave.Dr-TextTests";
				PRODUCT_NAME = "$(TARGET_NAME)";
				SWIFT_VERSION = 3.0;
				TEST_HOST = "$(BUILT_PRODUCTS_DIR)/Dr.Text.app/Dr.Text";
			};
			name = Release;
		};
/* End XCBuildConfiguration section */

/* Begin XCConfigurationList section */
		EB530B081DA812290069ED76 /* Build configuration list for PBXProject "Dr.Text" */ = {
			isa = XCConfigurationList;
			buildConfigurations = (
				EB530B2B1DA812290069ED76 /* Debug */,
				EB530B2C1DA812290069ED76 /* Release */,
			);
			defaultConfigurationIsVisible = 0;
			defaultConfigurationName = Release;
		};
		EB530B2D1DA812290069ED76 /* Build configuration list for PBXNativeTarget "Dr.Text" */ = {
			isa = XCConfigurationList;
			buildConfigurations = (
				EB530B2E1DA812290069ED76 /* Debug */,
				EB530B2F1DA812290069ED76 /* Release */,
			);
			defaultConfigurationIsVisible = 0;
			defaultConfigurationName = Release;
		};
		EB530B301DA812290069ED76 /* Build configuration list for PBXNativeTarget "Dr.TextTests" */ = {
			isa = XCConfigurationList;
			buildConfigurations = (
				EB530B311DA812290069ED76 /* Debug */,
				EB530B321DA812290069ED76 /* Release */,
			);
			defaultConfigurationIsVisible = 0;
			defaultConfigurationName = Release;
		};
/* End XCConfigurationList section */

/* Begin XCVersionGroup section */
		EB530B171DA812290069ED76 /* Dr_Text.xcdatamodeld */ = {
			isa = XCVersionGroup;
			children = (
				EB530B181DA812290069ED76 /* Dr_Text.xcdatamodel */,
			);
			currentVersion = EB530B181DA812290069ED76 /* Dr_Text.xcdatamodel */;
			path = Dr_Text.xcdatamodeld;
			sourceTree = "<group>";
			versionGroupType = wrapper.xcdatamodel;
		};
/* End XCVersionGroup section */
	};
	rootObject = EB530B051DA812290069ED76 /* Project object */;
}
